// !$*UTF8*$!
{
	archiveVersion = 1;
	classes = {
	};
	objectVersion = 56;
	objects = {

/* Begin PBXBuildFile section */
		C136340829A0C6FA0023DA68 /* ColorAssets.xcassets in Resources */ = {isa = PBXBuildFile; fileRef = C136340729A0C6FA0023DA68 /* ColorAssets.xcassets */; };
		C136343229A0CD090023DA68 /* Pretendard-Light.ttf in Resources */ = {isa = PBXBuildFile; fileRef = C136342929A0CD090023DA68 /* Pretendard-Light.ttf */; };
		C136343429A0CD090023DA68 /* Pretendard-Medium.ttf in Resources */ = {isa = PBXBuildFile; fileRef = C136342B29A0CD090023DA68 /* Pretendard-Medium.ttf */; };
		C136343529A0CD090023DA68 /* Pretendard-ExtraLight.ttf in Resources */ = {isa = PBXBuildFile; fileRef = C136342C29A0CD090023DA68 /* Pretendard-ExtraLight.ttf */; };
		C136343629A0CD090023DA68 /* Pretendard-SemiBold.ttf in Resources */ = {isa = PBXBuildFile; fileRef = C136342D29A0CD090023DA68 /* Pretendard-SemiBold.ttf */; };
		C136343729A0CD090023DA68 /* Pretendard-Black.ttf in Resources */ = {isa = PBXBuildFile; fileRef = C136342E29A0CD090023DA68 /* Pretendard-Black.ttf */; };
		C136343829A0CD090023DA68 /* Pretendard-Thin.ttf in Resources */ = {isa = PBXBuildFile; fileRef = C136342F29A0CD090023DA68 /* Pretendard-Thin.ttf */; };
		C136343929A0CD090023DA68 /* Pretendard-ExtraBold.ttf in Resources */ = {isa = PBXBuildFile; fileRef = C136343029A0CD090023DA68 /* Pretendard-ExtraBold.ttf */; };
		C136343A29A0CD090023DA68 /* Pretendard-Regular.ttf in Resources */ = {isa = PBXBuildFile; fileRef = C136343129A0CD090023DA68 /* Pretendard-Regular.ttf */; };
		C14389C329AA811700138586 /* String+Extension.swift in Sources */ = {isa = PBXBuildFile; fileRef = C14389C129AA811700138586 /* String+Extension.swift */; };
		C14389C629AB69B100138586 /* ProfileViewController.swift in Sources */ = {isa = PBXBuildFile; fileRef = C14389C529AB69B100138586 /* ProfileViewController.swift */; };
		C14389C929AB6EC500138586 /* Profile.swift in Sources */ = {isa = PBXBuildFile; fileRef = C14389C729AB6EC500138586 /* Profile.swift */; };
		C15753DC29AA70960048E62C /* Pretendard-Medium.ttf in Resources */ = {isa = PBXBuildFile; fileRef = C136342B29A0CD090023DA68 /* Pretendard-Medium.ttf */; };
		C15753DD29AA70960048E62C /* Pretendard-Black.ttf in Resources */ = {isa = PBXBuildFile; fileRef = C136342E29A0CD090023DA68 /* Pretendard-Black.ttf */; };
		C15753DF29AA70960048E62C /* Pretendard-Light.ttf in Resources */ = {isa = PBXBuildFile; fileRef = C136342929A0CD090023DA68 /* Pretendard-Light.ttf */; };
		C15753E029AA70960048E62C /* Pretendard-ExtraBold.ttf in Resources */ = {isa = PBXBuildFile; fileRef = C136343029A0CD090023DA68 /* Pretendard-ExtraBold.ttf */; };
		C15753E129AA70960048E62C /* Pretendard-Regular.ttf in Resources */ = {isa = PBXBuildFile; fileRef = C136343129A0CD090023DA68 /* Pretendard-Regular.ttf */; };
		C15753E229AA70960048E62C /* Pretendard-SemiBold.ttf in Resources */ = {isa = PBXBuildFile; fileRef = C136342D29A0CD090023DA68 /* Pretendard-SemiBold.ttf */; };
		C15753E329AA70960048E62C /* Pretendard-Thin.ttf in Resources */ = {isa = PBXBuildFile; fileRef = C136342F29A0CD090023DA68 /* Pretendard-Thin.ttf */; };
		C15753E429AA70960048E62C /* Pretendard-ExtraLight.ttf in Resources */ = {isa = PBXBuildFile; fileRef = C136342C29A0CD090023DA68 /* Pretendard-ExtraLight.ttf */; };
		C16C48E629AA727B008CD62B /* Pods_DIDA_UI.framework in Frameworks */ = {isa = PBXBuildFile; fileRef = 4F60FCECB8D76E5EE3736A33 /* Pods_DIDA_UI.framework */; settings = {ATTRIBUTES = (Required, ); }; };
		C16C48E729AA727B008CD62B /* Pods_DIDA_UI.framework in Embed Frameworks */ = {isa = PBXBuildFile; fileRef = 4F60FCECB8D76E5EE3736A33 /* Pods_DIDA_UI.framework */; settings = {ATTRIBUTES = (CodeSignOnCopy, RemoveHeadersOnCopy, ); }; };
		C188B30E29AA5335008122EF /* AppDelegate.swift in Sources */ = {isa = PBXBuildFile; fileRef = C188B30D29AA5335008122EF /* AppDelegate.swift */; };
		C188B31029AA5335008122EF /* SceneDelegate.swift in Sources */ = {isa = PBXBuildFile; fileRef = C188B30F29AA5335008122EF /* SceneDelegate.swift */; };
		C188B31229AA5335008122EF /* ViewController.swift in Sources */ = {isa = PBXBuildFile; fileRef = C188B31129AA5335008122EF /* ViewController.swift */; };
		C188B31529AA5335008122EF /* Main.storyboard in Resources */ = {isa = PBXBuildFile; fileRef = C188B31329AA5335008122EF /* Main.storyboard */; };
		C188B31729AA5338008122EF /* Assets.xcassets in Resources */ = {isa = PBXBuildFile; fileRef = C188B31629AA5338008122EF /* Assets.xcassets */; };
		C188B31A29AA5338008122EF /* LaunchScreen.storyboard in Resources */ = {isa = PBXBuildFile; fileRef = C188B31829AA5338008122EF /* LaunchScreen.storyboard */; };
		C188B32029AA5507008122EF /* ButtonsViewController.swift in Sources */ = {isa = PBXBuildFile; fileRef = C188B31F29AA5507008122EF /* ButtonsViewController.swift */; };
		C188B32429AA5550008122EF /* Buttons.swift in Sources */ = {isa = PBXBuildFile; fileRef = C188B32329AA5550008122EF /* Buttons.swift */; };
		C188B32529AA5B01008122EF /* Colors.swift in Sources */ = {isa = PBXBuildFile; fileRef = C136340529A0C68C0023DA68 /* Colors.swift */; };
		C188B32629AA5B01008122EF /* Fonts.swift in Sources */ = {isa = PBXBuildFile; fileRef = C136340329A0C6840023DA68 /* Fonts.swift */; };
		C188B32729AA5CE0008122EF /* UIColor+Extension.swift in Sources */ = {isa = PBXBuildFile; fileRef = C136340929A0CA980023DA68 /* UIColor+Extension.swift */; };
		C188B32A29AA61AC008122EF /* UIImage+Extension.swift in Sources */ = {isa = PBXBuildFile; fileRef = C188B32829AA61AA008122EF /* UIImage+Extension.swift */; };
		C1956E9029AB785800018A93 /* TextViewController.swift in Sources */ = {isa = PBXBuildFile; fileRef = C1956E8F29AB785800018A93 /* TextViewController.swift */; };
		C1956E9329AB788B00018A93 /* TextView.swift in Sources */ = {isa = PBXBuildFile; fileRef = C1956E9129AB788B00018A93 /* TextView.swift */; };
		C1956E9529ABAC2400018A93 /* Assets.xcassets in Resources */ = {isa = PBXBuildFile; fileRef = EE110546299A900C00C5D370 /* Assets.xcassets */; };
		C1956E9C29AC773100018A93 /* TextField.swift in Sources */ = {isa = PBXBuildFile; fileRef = C1956E9A29AC773100018A93 /* TextField.swift */; };
		C1956E9F29AC777C00018A93 /* TextFieldViewController.swift in Sources */ = {isa = PBXBuildFile; fileRef = C1956E9D29AC777C00018A93 /* TextFieldViewController.swift */; };
		C1956EA329AC8B6D00018A93 /* FullTextField.swift in Sources */ = {isa = PBXBuildFile; fileRef = C1956EA129AC8B6D00018A93 /* FullTextField.swift */; };
		C1956EA629AC8E4F00018A93 /* LineTabBarController.swift in Sources */ = {isa = PBXBuildFile; fileRef = C1956EA529AC8E4F00018A93 /* LineTabBarController.swift */; };
		C1956EA929AC8E5800018A93 /* LineTabBar.swift in Sources */ = {isa = PBXBuildFile; fileRef = C1956EA729AC8E5800018A93 /* LineTabBar.swift */; };
		C1956EB629ACD0F300018A93 /* Pretendard-Bold.otf in Resources */ = {isa = PBXBuildFile; fileRef = C1956EB529ACD0F300018A93 /* Pretendard-Bold.otf */; };
		C1956EB729ACD0F300018A93 /* Pretendard-Bold.otf in Resources */ = {isa = PBXBuildFile; fileRef = C1956EB529ACD0F300018A93 /* Pretendard-Bold.otf */; };
		C1956EBD29ACD3FB00018A93 /* TableViewController.swift in Sources */ = {isa = PBXBuildFile; fileRef = C1956EBC29ACD3FB00018A93 /* TableViewController.swift */; };
		C1956EC129ACD4EB00018A93 /* TableViewCell.swift in Sources */ = {isa = PBXBuildFile; fileRef = C1956EBE29ACD4EB00018A93 /* TableViewCell.swift */; };
		C1956EC229ACD4EB00018A93 /* TableViewCell.xib in Resources */ = {isa = PBXBuildFile; fileRef = C1956EBF29ACD4EB00018A93 /* TableViewCell.xib */; };
		C1956EC329ACD4EB00018A93 /* TableViewCell.xib in Resources */ = {isa = PBXBuildFile; fileRef = C1956EBF29ACD4EB00018A93 /* TableViewCell.xib */; };
		C1956ECB29ACDD5000018A93 /* SnackBar.swift in Sources */ = {isa = PBXBuildFile; fileRef = C1956EC929ACDD5000018A93 /* SnackBar.swift */; };
		C1956ECE29ACE1B000018A93 /* SnackBarActionItem.swift in Sources */ = {isa = PBXBuildFile; fileRef = C1956ECC29ACE1B000018A93 /* SnackBarActionItem.swift */; };
		C1956ED029ADB78400018A93 /* SnackBarViewController.swift in Sources */ = {isa = PBXBuildFile; fileRef = C1956ECF29ADB78400018A93 /* SnackBarViewController.swift */; };
		C1C8022629B1159900221FB9 /* (null) in Sources */ = {isa = PBXBuildFile; };
		C1C8022729B488F900221FB9 /* Pods_DIDA.framework in Frameworks */ = {isa = PBXBuildFile; fileRef = E41E7EB4DEF3B954D7EC0141 /* Pods_DIDA.framework */; };
		C1C8022829B488F900221FB9 /* Pods_DIDA.framework in Embed Frameworks */ = {isa = PBXBuildFile; fileRef = E41E7EB4DEF3B954D7EC0141 /* Pods_DIDA.framework */; settings = {ATTRIBUTES = (CodeSignOnCopy, RemoveHeadersOnCopy, ); }; };
		C1C8022A29B48BA100221FB9 /* TabBar.swift in Sources */ = {isa = PBXBuildFile; fileRef = C15158D029A2219000017147 /* TabBar.swift */; };
		C1C8022B29B48BA100221FB9 /* TabBarItem.swift in Sources */ = {isa = PBXBuildFile; fileRef = C15158D229A22E5F00017147 /* TabBarItem.swift */; };
		C1C8022C29B48BA100221FB9 /* MainNavigationController.swift in Sources */ = {isa = PBXBuildFile; fileRef = C136344429A0DEA00023DA68 /* MainNavigationController.swift */; };
		C1C8022D29B48BA100221FB9 /* MainViewController.swift in Sources */ = {isa = PBXBuildFile; fileRef = C136344229A0DE900023DA68 /* MainViewController.swift */; };
		C1C8022E29B48BB200221FB9 /* MainTabbarCollectionViewCell.swift in Sources */ = {isa = PBXBuildFile; fileRef = EEC91FAA29A1DF87002AFB65 /* MainTabbarCollectionViewCell.swift */; };
		C1C8022F29B48BB200221FB9 /* SellerCollectionViewCell.swift in Sources */ = {isa = PBXBuildFile; fileRef = EEC91FB429A1F1ED002AFB65 /* SellerCollectionViewCell.swift */; };
		C1C8023029B48BB200221FB9 /* MainCustomTabbar.swift in Sources */ = {isa = PBXBuildFile; fileRef = EEC91FAE29A1E05D002AFB65 /* MainCustomTabbar.swift */; };
		C1C8023129B48BB200221FB9 /* MainTabbarPageCollectionViewCell.swift in Sources */ = {isa = PBXBuildFile; fileRef = EEC91FB029A1E5ED002AFB65 /* MainTabbarPageCollectionViewCell.swift */; };
		C1C8023329B48BB700221FB9 /* ActiveActivityTableViewCell.swift in Sources */ = {isa = PBXBuildFile; fileRef = EE365C8929A11F6800B53A6E /* ActiveActivityTableViewCell.swift */; };
		C1C8023629B48BEA00221FB9 /* HomeViewController.swift in Sources */ = {isa = PBXBuildFile; fileRef = C136344A29A0E0640023DA68 /* HomeViewController.swift */; };
		C1C8023829B48BEF00221FB9 /* HotItemCollectionViewCell.swift in Sources */ = {isa = PBXBuildFile; fileRef = EEFA9C8329A0CB5B0061D9D9 /* HotItemCollectionViewCell.swift */; };
		C1C8023929B48BF300221FB9 /* SwapViewController.swift in Sources */ = {isa = PBXBuildFile; fileRef = C136344C29A0E0ED0023DA68 /* SwapViewController.swift */; };
		C1C8023A29B48BF900221FB9 /* MyPageViewController.swift in Sources */ = {isa = PBXBuildFile; fileRef = C136345029A0E1280023DA68 /* MyPageViewController.swift */; };
		C1C8023B29B48BFB00221FB9 /* CommunityViewController.swift in Sources */ = {isa = PBXBuildFile; fileRef = C136344E29A0E10A0023DA68 /* CommunityViewController.swift */; };
		C1C8023C29B48C0400221FB9 /* Fonts.swift in Sources */ = {isa = PBXBuildFile; fileRef = C136340329A0C6840023DA68 /* Fonts.swift */; };
		C1C8023D29B48C0400221FB9 /* BaseViewController.swift in Sources */ = {isa = PBXBuildFile; fileRef = C136343E29A0D6D30023DA68 /* BaseViewController.swift */; };
		C1C8023E29B48C0400221FB9 /* Colors.swift in Sources */ = {isa = PBXBuildFile; fileRef = C136340529A0C68C0023DA68 /* Colors.swift */; };
		C1C8023F29B48C0400221FB9 /* BaseViewModel.swift in Sources */ = {isa = PBXBuildFile; fileRef = C136344029A0D6FB0023DA68 /* BaseViewModel.swift */; };
		C1C8024029B48C1400221FB9 /* UIImage+Extension.swift in Sources */ = {isa = PBXBuildFile; fileRef = C188B32829AA61AA008122EF /* UIImage+Extension.swift */; };
		C1C8024129B48C1400221FB9 /* AppDelegate.swift in Sources */ = {isa = PBXBuildFile; fileRef = EE11053D299A900B00C5D370 /* AppDelegate.swift */; };
		C1C8024229B48C1400221FB9 /* SceneDelegate.swift in Sources */ = {isa = PBXBuildFile; fileRef = EE11053F299A900B00C5D370 /* SceneDelegate.swift */; };
		C1C8024329B48C1400221FB9 /* ViewController.swift in Sources */ = {isa = PBXBuildFile; fileRef = EE110541299A900B00C5D370 /* ViewController.swift */; };
		C1C8024429B48C1400221FB9 /* String+Extension.swift in Sources */ = {isa = PBXBuildFile; fileRef = C14389C129AA811700138586 /* String+Extension.swift */; };
		C1C8024529B48C1400221FB9 /* UIColor+Extension.swift in Sources */ = {isa = PBXBuildFile; fileRef = C136340929A0CA980023DA68 /* UIColor+Extension.swift */; };
		C1C8024929B48C2E00221FB9 /* SnackBarActionItem.swift in Sources */ = {isa = PBXBuildFile; fileRef = C1956ECC29ACE1B000018A93 /* SnackBarActionItem.swift */; };
		C1C8024A29B48C2E00221FB9 /* SnackBar.swift in Sources */ = {isa = PBXBuildFile; fileRef = C1956EC929ACDD5000018A93 /* SnackBar.swift */; };
		C1C8024B29B48C3400221FB9 /* TableViewCell.swift in Sources */ = {isa = PBXBuildFile; fileRef = C1956EBE29ACD4EB00018A93 /* TableViewCell.swift */; };
		C1C8024C29B48D0000221FB9 /* LineTabBar.swift in Sources */ = {isa = PBXBuildFile; fileRef = C1956EA729AC8E5800018A93 /* LineTabBar.swift */; };
		C1C8024D29B48D0000221FB9 /* (null) in Sources */ = {isa = PBXBuildFile; };
		C1C8024E29B48D0000221FB9 /* (null) in Sources */ = {isa = PBXBuildFile; };
		C1C8024F29B48D0500221FB9 /* TextField.swift in Sources */ = {isa = PBXBuildFile; fileRef = C1956E9A29AC773100018A93 /* TextField.swift */; };
		C1C8025029B48D0700221FB9 /* FullTextField.swift in Sources */ = {isa = PBXBuildFile; fileRef = C1956EA129AC8B6D00018A93 /* FullTextField.swift */; };
		C1C8025129B48D0C00221FB9 /* Buttons.swift in Sources */ = {isa = PBXBuildFile; fileRef = C188B32329AA5550008122EF /* Buttons.swift */; };
		C1C8025229B48D1200221FB9 /* Profile.swift in Sources */ = {isa = PBXBuildFile; fileRef = C14389C729AB6EC500138586 /* Profile.swift */; };
		C1C8025329B48D1700221FB9 /* TextView.swift in Sources */ = {isa = PBXBuildFile; fileRef = C1956E9129AB788B00018A93 /* TextView.swift */; };
		EE110545299A900B00C5D370 /* Main.storyboard in Resources */ = {isa = PBXBuildFile; fileRef = EE110543299A900B00C5D370 /* Main.storyboard */; };
		EE11054A299A900C00C5D370 /* LaunchScreen.storyboard in Resources */ = {isa = PBXBuildFile; fileRef = EE110548299A900C00C5D370 /* LaunchScreen.storyboard */; };
		EE242AE529B9A87C00690518 /* RecentNFTSectionCollectionViewCell.swift in Sources */ = {isa = PBXBuildFile; fileRef = EE242AE329B9A87C00690518 /* RecentNFTSectionCollectionViewCell.swift */; };
		EE242AE629B9A87C00690518 /* RecentNFTSectionCollectionViewCell.xib in Resources */ = {isa = PBXBuildFile; fileRef = EE242AE429B9A87C00690518 /* RecentNFTSectionCollectionViewCell.xib */; };
		EE242AE929B9B21D00690518 /* ActivitySectionCollectionViewCell.swift in Sources */ = {isa = PBXBuildFile; fileRef = EE242AE729B9B21D00690518 /* ActivitySectionCollectionViewCell.swift */; };
		EE242AEA29B9B21D00690518 /* ActivitySectionCollectionViewCell.xib in Resources */ = {isa = PBXBuildFile; fileRef = EE242AE829B9B21D00690518 /* ActivitySectionCollectionViewCell.xib */; };
		EE365C8C29A11F6800B53A6E /* ActiveActivityTableViewCell.xib in Resources */ = {isa = PBXBuildFile; fileRef = EE365C8A29A11F6800B53A6E /* ActiveActivityTableViewCell.xib */; };
		EE47EB4829B63130004879D9 /* SoldOutSectionCollectionViewCell.swift in Sources */ = {isa = PBXBuildFile; fileRef = EE47EB4629B63130004879D9 /* SoldOutSectionCollectionViewCell.swift */; };
		EE47EB4929B63130004879D9 /* SoldOutSectionCollectionViewCell.xib in Resources */ = {isa = PBXBuildFile; fileRef = EE47EB4729B63130004879D9 /* SoldOutSectionCollectionViewCell.xib */; };
		EE48694E29B58927005CEF31 /* HotSellerSectionCollectionViewCell.swift in Sources */ = {isa = PBXBuildFile; fileRef = EE48694C29B58927005CEF31 /* HotSellerSectionCollectionViewCell.swift */; };
		EE48694F29B58927005CEF31 /* HotSellerSectionCollectionViewCell.xib in Resources */ = {isa = PBXBuildFile; fileRef = EE48694D29B58927005CEF31 /* HotSellerSectionCollectionViewCell.xib */; };
		EEC91FAD29A1DF87002AFB65 /* MainTabbarCollectionViewCell.xib in Resources */ = {isa = PBXBuildFile; fileRef = EEC91FAB29A1DF87002AFB65 /* MainTabbarCollectionViewCell.xib */; };
		EEC91FB329A1E5ED002AFB65 /* MainTabbarPageCollectionViewCell.xib in Resources */ = {isa = PBXBuildFile; fileRef = EEC91FB129A1E5ED002AFB65 /* MainTabbarPageCollectionViewCell.xib */; };
		EEC91FB729A1F1ED002AFB65 /* SellerCollectionViewCell.xib in Resources */ = {isa = PBXBuildFile; fileRef = EEC91FB529A1F1ED002AFB65 /* SellerCollectionViewCell.xib */; };
		EECD7EF529B562C60067961B /* HotItemSectionCollectionViewCell.swift in Sources */ = {isa = PBXBuildFile; fileRef = EECD7EF329B562C60067961B /* HotItemSectionCollectionViewCell.swift */; };
		EECD7EF629B562C60067961B /* HotItemSectionCollectionViewCell.xib in Resources */ = {isa = PBXBuildFile; fileRef = EECD7EF429B562C60067961B /* HotItemSectionCollectionViewCell.xib */; };
		EECD7EF829B565EF0067961B /* UICollectionReusableView+Extension.swift in Sources */ = {isa = PBXBuildFile; fileRef = EECD7EF729B565EF0067961B /* UICollectionReusableView+Extension.swift */; };
		EECD7EFC29B56D8E0067961B /* TabbarSectionCollectionViewCell.swift in Sources */ = {isa = PBXBuildFile; fileRef = EECD7EFA29B56D8E0067961B /* TabbarSectionCollectionViewCell.swift */; };
		EECD7EFD29B56D8E0067961B /* TabbarSectionCollectionViewCell.xib in Resources */ = {isa = PBXBuildFile; fileRef = EECD7EFB29B56D8E0067961B /* TabbarSectionCollectionViewCell.xib */; };
		EEFA9C8629A0CB5B0061D9D9 /* HotItemCollectionViewCell.xib in Resources */ = {isa = PBXBuildFile; fileRef = EEFA9C8429A0CB5B0061D9D9 /* HotItemCollectionViewCell.xib */; };
/* End PBXBuildFile section */

/* Begin PBXCopyFilesBuildPhase section */
		C16C48E829AA727B008CD62B /* Embed Frameworks */ = {
			isa = PBXCopyFilesBuildPhase;
			buildActionMask = 2147483647;
			dstPath = "";
			dstSubfolderSpec = 10;
			files = (
				C16C48E729AA727B008CD62B /* Pods_DIDA_UI.framework in Embed Frameworks */,
			);
			name = "Embed Frameworks";
			runOnlyForDeploymentPostprocessing = 0;
		};
		C1C8022929B488F900221FB9 /* Embed Frameworks */ = {
			isa = PBXCopyFilesBuildPhase;
			buildActionMask = 2147483647;
			dstPath = "";
			dstSubfolderSpec = 10;
			files = (
				C1C8022829B488F900221FB9 /* Pods_DIDA.framework in Embed Frameworks */,
			);
			name = "Embed Frameworks";
			runOnlyForDeploymentPostprocessing = 0;
		};
/* End PBXCopyFilesBuildPhase section */

/* Begin PBXFileReference section */
		00C2EA4848C8C979389CE103 /* Pods-DIDA.debug.xcconfig */ = {isa = PBXFileReference; includeInIndex = 1; lastKnownFileType = text.xcconfig; name = "Pods-DIDA.debug.xcconfig"; path = "Target Support Files/Pods-DIDA/Pods-DIDA.debug.xcconfig"; sourceTree = "<group>"; };
		4F60FCECB8D76E5EE3736A33 /* Pods_DIDA_UI.framework */ = {isa = PBXFileReference; explicitFileType = wrapper.framework; includeInIndex = 0; path = Pods_DIDA_UI.framework; sourceTree = BUILT_PRODUCTS_DIR; };
		54EEF637E7147C3DE2D5676B /* Pods-DIDA-UI.debug.xcconfig */ = {isa = PBXFileReference; includeInIndex = 1; lastKnownFileType = text.xcconfig; name = "Pods-DIDA-UI.debug.xcconfig"; path = "Target Support Files/Pods-DIDA-UI/Pods-DIDA-UI.debug.xcconfig"; sourceTree = "<group>"; };
		81D4F002083530D9F94FCC05 /* Pods-DIDA-UI.release.xcconfig */ = {isa = PBXFileReference; includeInIndex = 1; lastKnownFileType = text.xcconfig; name = "Pods-DIDA-UI.release.xcconfig"; path = "Target Support Files/Pods-DIDA-UI/Pods-DIDA-UI.release.xcconfig"; sourceTree = "<group>"; };
		C136340329A0C6840023DA68 /* Fonts.swift */ = {isa = PBXFileReference; lastKnownFileType = sourcecode.swift; path = Fonts.swift; sourceTree = "<group>"; };
		C136340529A0C68C0023DA68 /* Colors.swift */ = {isa = PBXFileReference; lastKnownFileType = sourcecode.swift; path = Colors.swift; sourceTree = "<group>"; };
		C136340729A0C6FA0023DA68 /* ColorAssets.xcassets */ = {isa = PBXFileReference; lastKnownFileType = folder.assetcatalog; path = ColorAssets.xcassets; sourceTree = "<group>"; };
		C136340929A0CA980023DA68 /* UIColor+Extension.swift */ = {isa = PBXFileReference; lastKnownFileType = sourcecode.swift; path = "UIColor+Extension.swift"; sourceTree = "<group>"; };
		C136342929A0CD090023DA68 /* Pretendard-Light.ttf */ = {isa = PBXFileReference; lastKnownFileType = file; path = "Pretendard-Light.ttf"; sourceTree = "<group>"; };
		C136342B29A0CD090023DA68 /* Pretendard-Medium.ttf */ = {isa = PBXFileReference; lastKnownFileType = file; path = "Pretendard-Medium.ttf"; sourceTree = "<group>"; };
		C136342C29A0CD090023DA68 /* Pretendard-ExtraLight.ttf */ = {isa = PBXFileReference; lastKnownFileType = file; path = "Pretendard-ExtraLight.ttf"; sourceTree = "<group>"; };
		C136342D29A0CD090023DA68 /* Pretendard-SemiBold.ttf */ = {isa = PBXFileReference; lastKnownFileType = file; path = "Pretendard-SemiBold.ttf"; sourceTree = "<group>"; };
		C136342E29A0CD090023DA68 /* Pretendard-Black.ttf */ = {isa = PBXFileReference; lastKnownFileType = file; path = "Pretendard-Black.ttf"; sourceTree = "<group>"; };
		C136342F29A0CD090023DA68 /* Pretendard-Thin.ttf */ = {isa = PBXFileReference; lastKnownFileType = file; path = "Pretendard-Thin.ttf"; sourceTree = "<group>"; };
		C136343029A0CD090023DA68 /* Pretendard-ExtraBold.ttf */ = {isa = PBXFileReference; lastKnownFileType = file; path = "Pretendard-ExtraBold.ttf"; sourceTree = "<group>"; };
		C136343129A0CD090023DA68 /* Pretendard-Regular.ttf */ = {isa = PBXFileReference; lastKnownFileType = file; path = "Pretendard-Regular.ttf"; sourceTree = "<group>"; };
		C136343E29A0D6D30023DA68 /* BaseViewController.swift */ = {isa = PBXFileReference; lastKnownFileType = sourcecode.swift; path = BaseViewController.swift; sourceTree = "<group>"; };
		C136344029A0D6FB0023DA68 /* BaseViewModel.swift */ = {isa = PBXFileReference; lastKnownFileType = sourcecode.swift; path = BaseViewModel.swift; sourceTree = "<group>"; };
		C136344229A0DE900023DA68 /* MainViewController.swift */ = {isa = PBXFileReference; lastKnownFileType = sourcecode.swift; path = MainViewController.swift; sourceTree = "<group>"; };
		C136344429A0DEA00023DA68 /* MainNavigationController.swift */ = {isa = PBXFileReference; lastKnownFileType = sourcecode.swift; path = MainNavigationController.swift; sourceTree = "<group>"; };
		C136344A29A0E0640023DA68 /* HomeViewController.swift */ = {isa = PBXFileReference; lastKnownFileType = sourcecode.swift; path = HomeViewController.swift; sourceTree = "<group>"; };
		C136344C29A0E0ED0023DA68 /* SwapViewController.swift */ = {isa = PBXFileReference; lastKnownFileType = sourcecode.swift; path = SwapViewController.swift; sourceTree = "<group>"; };
		C136344E29A0E10A0023DA68 /* CommunityViewController.swift */ = {isa = PBXFileReference; lastKnownFileType = sourcecode.swift; path = CommunityViewController.swift; sourceTree = "<group>"; };
		C136345029A0E1280023DA68 /* MyPageViewController.swift */ = {isa = PBXFileReference; lastKnownFileType = sourcecode.swift; path = MyPageViewController.swift; sourceTree = "<group>"; };
		C14389C129AA811700138586 /* String+Extension.swift */ = {isa = PBXFileReference; lastKnownFileType = sourcecode.swift; path = "String+Extension.swift"; sourceTree = "<group>"; };
		C14389C529AB69B100138586 /* ProfileViewController.swift */ = {isa = PBXFileReference; lastKnownFileType = sourcecode.swift; path = ProfileViewController.swift; sourceTree = "<group>"; };
		C14389C729AB6EC500138586 /* Profile.swift */ = {isa = PBXFileReference; lastKnownFileType = sourcecode.swift; path = Profile.swift; sourceTree = "<group>"; };
		C15158D029A2219000017147 /* TabBar.swift */ = {isa = PBXFileReference; lastKnownFileType = sourcecode.swift; path = TabBar.swift; sourceTree = "<group>"; };
		C15158D229A22E5F00017147 /* TabBarItem.swift */ = {isa = PBXFileReference; lastKnownFileType = sourcecode.swift; path = TabBarItem.swift; sourceTree = "<group>"; };
		C188B30B29AA5335008122EF /* DIDA-UI.app */ = {isa = PBXFileReference; explicitFileType = wrapper.application; includeInIndex = 0; path = "DIDA-UI.app"; sourceTree = BUILT_PRODUCTS_DIR; };
		C188B30D29AA5335008122EF /* AppDelegate.swift */ = {isa = PBXFileReference; lastKnownFileType = sourcecode.swift; path = AppDelegate.swift; sourceTree = "<group>"; };
		C188B30F29AA5335008122EF /* SceneDelegate.swift */ = {isa = PBXFileReference; lastKnownFileType = sourcecode.swift; path = SceneDelegate.swift; sourceTree = "<group>"; };
		C188B31129AA5335008122EF /* ViewController.swift */ = {isa = PBXFileReference; lastKnownFileType = sourcecode.swift; path = ViewController.swift; sourceTree = "<group>"; };
		C188B31429AA5335008122EF /* Base */ = {isa = PBXFileReference; lastKnownFileType = file.storyboard; name = Base; path = Base.lproj/Main.storyboard; sourceTree = "<group>"; };
		C188B31629AA5338008122EF /* Assets.xcassets */ = {isa = PBXFileReference; lastKnownFileType = folder.assetcatalog; path = Assets.xcassets; sourceTree = "<group>"; };
		C188B31929AA5338008122EF /* Base */ = {isa = PBXFileReference; lastKnownFileType = file.storyboard; name = Base; path = Base.lproj/LaunchScreen.storyboard; sourceTree = "<group>"; };
		C188B31B29AA5338008122EF /* Info.plist */ = {isa = PBXFileReference; lastKnownFileType = text.plist.xml; path = Info.plist; sourceTree = "<group>"; };
		C188B31F29AA5507008122EF /* ButtonsViewController.swift */ = {isa = PBXFileReference; lastKnownFileType = sourcecode.swift; path = ButtonsViewController.swift; sourceTree = "<group>"; };
		C188B32329AA5550008122EF /* Buttons.swift */ = {isa = PBXFileReference; lastKnownFileType = sourcecode.swift; path = Buttons.swift; sourceTree = "<group>"; };
		C188B32829AA61AA008122EF /* UIImage+Extension.swift */ = {isa = PBXFileReference; lastKnownFileType = sourcecode.swift; path = "UIImage+Extension.swift"; sourceTree = "<group>"; };
		C1956E8F29AB785800018A93 /* TextViewController.swift */ = {isa = PBXFileReference; lastKnownFileType = sourcecode.swift; path = TextViewController.swift; sourceTree = "<group>"; };
		C1956E9129AB788B00018A93 /* TextView.swift */ = {isa = PBXFileReference; lastKnownFileType = sourcecode.swift; path = TextView.swift; sourceTree = "<group>"; };
		C1956E9A29AC773100018A93 /* TextField.swift */ = {isa = PBXFileReference; lastKnownFileType = sourcecode.swift; path = TextField.swift; sourceTree = "<group>"; };
		C1956E9D29AC777C00018A93 /* TextFieldViewController.swift */ = {isa = PBXFileReference; lastKnownFileType = sourcecode.swift; path = TextFieldViewController.swift; sourceTree = "<group>"; };
		C1956EA129AC8B6D00018A93 /* FullTextField.swift */ = {isa = PBXFileReference; lastKnownFileType = sourcecode.swift; path = FullTextField.swift; sourceTree = "<group>"; };
		C1956EA529AC8E4F00018A93 /* LineTabBarController.swift */ = {isa = PBXFileReference; lastKnownFileType = sourcecode.swift; path = LineTabBarController.swift; sourceTree = "<group>"; };
		C1956EA729AC8E5800018A93 /* LineTabBar.swift */ = {isa = PBXFileReference; lastKnownFileType = sourcecode.swift; path = LineTabBar.swift; sourceTree = "<group>"; };
		C1956EB529ACD0F300018A93 /* Pretendard-Bold.otf */ = {isa = PBXFileReference; lastKnownFileType = file; path = "Pretendard-Bold.otf"; sourceTree = "<group>"; };
		C1956EBC29ACD3FB00018A93 /* TableViewController.swift */ = {isa = PBXFileReference; lastKnownFileType = sourcecode.swift; path = TableViewController.swift; sourceTree = "<group>"; };
		C1956EBE29ACD4EB00018A93 /* TableViewCell.swift */ = {isa = PBXFileReference; lastKnownFileType = sourcecode.swift; path = TableViewCell.swift; sourceTree = "<group>"; };
		C1956EBF29ACD4EB00018A93 /* TableViewCell.xib */ = {isa = PBXFileReference; lastKnownFileType = file.xib; path = TableViewCell.xib; sourceTree = "<group>"; };
		C1956EC929ACDD5000018A93 /* SnackBar.swift */ = {isa = PBXFileReference; lastKnownFileType = sourcecode.swift; path = SnackBar.swift; sourceTree = "<group>"; };
		C1956ECC29ACE1B000018A93 /* SnackBarActionItem.swift */ = {isa = PBXFileReference; lastKnownFileType = sourcecode.swift; path = SnackBarActionItem.swift; sourceTree = "<group>"; };
		C1956ECF29ADB78400018A93 /* SnackBarViewController.swift */ = {isa = PBXFileReference; lastKnownFileType = sourcecode.swift; path = SnackBarViewController.swift; sourceTree = "<group>"; };
		C5449B74294F171881EA4CD0 /* Pods-DIDA.release.xcconfig */ = {isa = PBXFileReference; includeInIndex = 1; lastKnownFileType = text.xcconfig; name = "Pods-DIDA.release.xcconfig"; path = "Target Support Files/Pods-DIDA/Pods-DIDA.release.xcconfig"; sourceTree = "<group>"; };
		E41E7EB4DEF3B954D7EC0141 /* Pods_DIDA.framework */ = {isa = PBXFileReference; explicitFileType = wrapper.framework; includeInIndex = 0; path = Pods_DIDA.framework; sourceTree = BUILT_PRODUCTS_DIR; };
		EE11053A299A900B00C5D370 /* DIDA.app */ = {isa = PBXFileReference; explicitFileType = wrapper.application; includeInIndex = 0; path = DIDA.app; sourceTree = BUILT_PRODUCTS_DIR; };
		EE11053D299A900B00C5D370 /* AppDelegate.swift */ = {isa = PBXFileReference; lastKnownFileType = sourcecode.swift; path = AppDelegate.swift; sourceTree = "<group>"; };
		EE11053F299A900B00C5D370 /* SceneDelegate.swift */ = {isa = PBXFileReference; lastKnownFileType = sourcecode.swift; path = SceneDelegate.swift; sourceTree = "<group>"; };
		EE110541299A900B00C5D370 /* ViewController.swift */ = {isa = PBXFileReference; lastKnownFileType = sourcecode.swift; path = ViewController.swift; sourceTree = "<group>"; };
		EE110544299A900B00C5D370 /* Base */ = {isa = PBXFileReference; lastKnownFileType = file.storyboard; name = Base; path = Base.lproj/Main.storyboard; sourceTree = "<group>"; };
		EE110546299A900C00C5D370 /* Assets.xcassets */ = {isa = PBXFileReference; lastKnownFileType = folder.assetcatalog; path = Assets.xcassets; sourceTree = "<group>"; };
		EE110549299A900C00C5D370 /* Base */ = {isa = PBXFileReference; lastKnownFileType = file.storyboard; name = Base; path = Base.lproj/LaunchScreen.storyboard; sourceTree = "<group>"; };
		EE11054B299A900C00C5D370 /* Info.plist */ = {isa = PBXFileReference; lastKnownFileType = text.plist.xml; path = Info.plist; sourceTree = "<group>"; };
		EE242AE329B9A87C00690518 /* RecentNFTSectionCollectionViewCell.swift */ = {isa = PBXFileReference; lastKnownFileType = sourcecode.swift; path = RecentNFTSectionCollectionViewCell.swift; sourceTree = "<group>"; };
		EE242AE429B9A87C00690518 /* RecentNFTSectionCollectionViewCell.xib */ = {isa = PBXFileReference; lastKnownFileType = file.xib; path = RecentNFTSectionCollectionViewCell.xib; sourceTree = "<group>"; };
		EE242AE729B9B21D00690518 /* ActivitySectionCollectionViewCell.swift */ = {isa = PBXFileReference; lastKnownFileType = sourcecode.swift; path = ActivitySectionCollectionViewCell.swift; sourceTree = "<group>"; };
		EE242AE829B9B21D00690518 /* ActivitySectionCollectionViewCell.xib */ = {isa = PBXFileReference; lastKnownFileType = file.xib; path = ActivitySectionCollectionViewCell.xib; sourceTree = "<group>"; };
		EE365C8929A11F6800B53A6E /* ActiveActivityTableViewCell.swift */ = {isa = PBXFileReference; lastKnownFileType = sourcecode.swift; path = ActiveActivityTableViewCell.swift; sourceTree = "<group>"; };
		EE365C8A29A11F6800B53A6E /* ActiveActivityTableViewCell.xib */ = {isa = PBXFileReference; lastKnownFileType = file.xib; path = ActiveActivityTableViewCell.xib; sourceTree = "<group>"; };
		EE47EB4629B63130004879D9 /* SoldOutSectionCollectionViewCell.swift */ = {isa = PBXFileReference; lastKnownFileType = sourcecode.swift; path = SoldOutSectionCollectionViewCell.swift; sourceTree = "<group>"; };
		EE47EB4729B63130004879D9 /* SoldOutSectionCollectionViewCell.xib */ = {isa = PBXFileReference; lastKnownFileType = file.xib; path = SoldOutSectionCollectionViewCell.xib; sourceTree = "<group>"; };
		EE48694C29B58927005CEF31 /* HotSellerSectionCollectionViewCell.swift */ = {isa = PBXFileReference; lastKnownFileType = sourcecode.swift; path = HotSellerSectionCollectionViewCell.swift; sourceTree = "<group>"; };
		EE48694D29B58927005CEF31 /* HotSellerSectionCollectionViewCell.xib */ = {isa = PBXFileReference; lastKnownFileType = file.xib; path = HotSellerSectionCollectionViewCell.xib; sourceTree = "<group>"; };
		EEC91FAA29A1DF87002AFB65 /* MainTabbarCollectionViewCell.swift */ = {isa = PBXFileReference; lastKnownFileType = sourcecode.swift; path = MainTabbarCollectionViewCell.swift; sourceTree = "<group>"; };
		EEC91FAB29A1DF87002AFB65 /* MainTabbarCollectionViewCell.xib */ = {isa = PBXFileReference; lastKnownFileType = file.xib; path = MainTabbarCollectionViewCell.xib; sourceTree = "<group>"; };
		EEC91FAE29A1E05D002AFB65 /* MainCustomTabbar.swift */ = {isa = PBXFileReference; lastKnownFileType = sourcecode.swift; path = MainCustomTabbar.swift; sourceTree = "<group>"; };
		EEC91FB029A1E5ED002AFB65 /* MainTabbarPageCollectionViewCell.swift */ = {isa = PBXFileReference; lastKnownFileType = sourcecode.swift; path = MainTabbarPageCollectionViewCell.swift; sourceTree = "<group>"; };
		EEC91FB129A1E5ED002AFB65 /* MainTabbarPageCollectionViewCell.xib */ = {isa = PBXFileReference; lastKnownFileType = file.xib; path = MainTabbarPageCollectionViewCell.xib; sourceTree = "<group>"; };
		EEC91FB429A1F1ED002AFB65 /* SellerCollectionViewCell.swift */ = {isa = PBXFileReference; lastKnownFileType = sourcecode.swift; path = SellerCollectionViewCell.swift; sourceTree = "<group>"; };
		EEC91FB529A1F1ED002AFB65 /* SellerCollectionViewCell.xib */ = {isa = PBXFileReference; lastKnownFileType = file.xib; path = SellerCollectionViewCell.xib; sourceTree = "<group>"; };
		EECD7EF329B562C60067961B /* HotItemSectionCollectionViewCell.swift */ = {isa = PBXFileReference; lastKnownFileType = sourcecode.swift; path = HotItemSectionCollectionViewCell.swift; sourceTree = "<group>"; };
		EECD7EF429B562C60067961B /* HotItemSectionCollectionViewCell.xib */ = {isa = PBXFileReference; lastKnownFileType = file.xib; path = HotItemSectionCollectionViewCell.xib; sourceTree = "<group>"; };
		EECD7EF729B565EF0067961B /* UICollectionReusableView+Extension.swift */ = {isa = PBXFileReference; lastKnownFileType = sourcecode.swift; path = "UICollectionReusableView+Extension.swift"; sourceTree = "<group>"; };
		EECD7EFA29B56D8E0067961B /* TabbarSectionCollectionViewCell.swift */ = {isa = PBXFileReference; lastKnownFileType = sourcecode.swift; path = TabbarSectionCollectionViewCell.swift; sourceTree = "<group>"; };
		EECD7EFB29B56D8E0067961B /* TabbarSectionCollectionViewCell.xib */ = {isa = PBXFileReference; lastKnownFileType = file.xib; path = TabbarSectionCollectionViewCell.xib; sourceTree = "<group>"; };
		EEFA9C8329A0CB5B0061D9D9 /* HotItemCollectionViewCell.swift */ = {isa = PBXFileReference; lastKnownFileType = sourcecode.swift; path = HotItemCollectionViewCell.swift; sourceTree = "<group>"; };
		EEFA9C8429A0CB5B0061D9D9 /* HotItemCollectionViewCell.xib */ = {isa = PBXFileReference; lastKnownFileType = file.xib; path = HotItemCollectionViewCell.xib; sourceTree = "<group>"; };
/* End PBXFileReference section */

/* Begin PBXFrameworksBuildPhase section */
		C188B30829AA5335008122EF /* Frameworks */ = {
			isa = PBXFrameworksBuildPhase;
			buildActionMask = 2147483647;
			files = (
				C16C48E629AA727B008CD62B /* Pods_DIDA_UI.framework in Frameworks */,
			);
			runOnlyForDeploymentPostprocessing = 0;
		};
		EE110537299A900B00C5D370 /* Frameworks */ = {
			isa = PBXFrameworksBuildPhase;
			buildActionMask = 2147483647;
			files = (
				C1C8022729B488F900221FB9 /* Pods_DIDA.framework in Frameworks */,
			);
			runOnlyForDeploymentPostprocessing = 0;
		};
/* End PBXFrameworksBuildPhase section */

/* Begin PBXGroup section */
		56E8AEA0F88F42B26CE316FB /* Frameworks */ = {
			isa = PBXGroup;
			children = (
				E41E7EB4DEF3B954D7EC0141 /* Pods_DIDA.framework */,
				4F60FCECB8D76E5EE3736A33 /* Pods_DIDA_UI.framework */,
			);
			name = Frameworks;
			sourceTree = "<group>";
		};
		C13633FA29A0C59F0023DA68 /* Presentation */ = {
			isa = PBXGroup;
			children = (
				C136340229A0C66D0023DA68 /* Main */,
				C136344629A0E0100023DA68 /* Home */,
				C136344729A0E0190023DA68 /* Swap */,
				C136344829A0E0340023DA68 /* Community */,
				C136344929A0E04F0023DA68 /* MyPage */,
			);
			path = Presentation;
			sourceTree = "<group>";
		};
		C13633FB29A0C5B70023DA68 /* Domain */ = {
			isa = PBXGroup;
			children = (
				C136340129A0C6640023DA68 /* Usecase */,
			);
			path = Domain;
			sourceTree = "<group>";
		};
		C13633FC29A0C5C10023DA68 /* Data */ = {
			isa = PBXGroup;
			children = (
				C13633FF29A0C63B0023DA68 /* Request */,
				C136340029A0C64D0023DA68 /* Response */,
			);
			path = Data;
			sourceTree = "<group>";
		};
		C13633FD29A0C5F80023DA68 /* Common */ = {
			isa = PBXGroup;
			children = (
				C136343D29A0D6C20023DA68 /* Base */,
				C136340329A0C6840023DA68 /* Fonts.swift */,
				C136340529A0C68C0023DA68 /* Colors.swift */,
			);
			path = Common;
			sourceTree = "<group>";
		};
		C13633FF29A0C63B0023DA68 /* Request */ = {
			isa = PBXGroup;
			children = (
			);
			path = Request;
			sourceTree = "<group>";
		};
		C136340029A0C64D0023DA68 /* Response */ = {
			isa = PBXGroup;
			children = (
			);
			path = Response;
			sourceTree = "<group>";
		};
		C136340129A0C6640023DA68 /* Usecase */ = {
			isa = PBXGroup;
			children = (
			);
			path = Usecase;
			sourceTree = "<group>";
		};
		C136340229A0C66D0023DA68 /* Main */ = {
			isa = PBXGroup;
			children = (
				C136344429A0DEA00023DA68 /* MainNavigationController.swift */,
				C136344229A0DE900023DA68 /* MainViewController.swift */,
				C15158D029A2219000017147 /* TabBar.swift */,
				C15158D229A22E5F00017147 /* TabBarItem.swift */,
			);
			path = Main;
			sourceTree = "<group>";
		};
		C136340B29A0CAA10023DA68 /* Infratruction */ = {
			isa = PBXGroup;
			children = (
				C136340929A0CA980023DA68 /* UIColor+Extension.swift */,
				C188B32829AA61AA008122EF /* UIImage+Extension.swift */,
				C14389C129AA811700138586 /* String+Extension.swift */,
				EECD7EF729B565EF0067961B /* UICollectionReusableView+Extension.swift */,
			);
			path = Infratruction;
			sourceTree = "<group>";
		};
		C136340D29A0CCA40023DA68 /* Supporting Files */ = {
			isa = PBXGroup;
			children = (
				C1956EB529ACD0F300018A93 /* Pretendard-Bold.otf */,
				C136342E29A0CD090023DA68 /* Pretendard-Black.ttf */,
				C136343029A0CD090023DA68 /* Pretendard-ExtraBold.ttf */,
				C136342C29A0CD090023DA68 /* Pretendard-ExtraLight.ttf */,
				C136342929A0CD090023DA68 /* Pretendard-Light.ttf */,
				C136342B29A0CD090023DA68 /* Pretendard-Medium.ttf */,
				C136343129A0CD090023DA68 /* Pretendard-Regular.ttf */,
				C136342D29A0CD090023DA68 /* Pretendard-SemiBold.ttf */,
				C136342F29A0CD090023DA68 /* Pretendard-Thin.ttf */,
			);
			path = "Supporting Files";
			sourceTree = "<group>";
		};
		C136343D29A0D6C20023DA68 /* Base */ = {
			isa = PBXGroup;
			children = (
				C136343E29A0D6D30023DA68 /* BaseViewController.swift */,
				C136344029A0D6FB0023DA68 /* BaseViewModel.swift */,
			);
			path = Base;
			sourceTree = "<group>";
		};
		C136344629A0E0100023DA68 /* Home */ = {
			isa = PBXGroup;
			children = (
				EEFA9C7E29A0C37B0061D9D9 /* Cell */,
				C136344A29A0E0640023DA68 /* HomeViewController.swift */,
			);
			path = Home;
			sourceTree = "<group>";
		};
		C136344729A0E0190023DA68 /* Swap */ = {
			isa = PBXGroup;
			children = (
				C136344C29A0E0ED0023DA68 /* SwapViewController.swift */,
			);
			path = Swap;
			sourceTree = "<group>";
		};
		C136344829A0E0340023DA68 /* Community */ = {
			isa = PBXGroup;
			children = (
				C136344E29A0E10A0023DA68 /* CommunityViewController.swift */,
			);
			path = Community;
			sourceTree = "<group>";
		};
		C136344929A0E04F0023DA68 /* MyPage */ = {
			isa = PBXGroup;
			children = (
				C136345029A0E1280023DA68 /* MyPageViewController.swift */,
			);
			path = MyPage;
			sourceTree = "<group>";
		};
		C14389C429AB696D00138586 /* Profile */ = {
			isa = PBXGroup;
			children = (
				C14389C529AB69B100138586 /* ProfileViewController.swift */,
				C14389C729AB6EC500138586 /* Profile.swift */,
			);
			path = Profile;
			sourceTree = "<group>";
		};
		C188B30C29AA5335008122EF /* DIDA-UI */ = {
			isa = PBXGroup;
			children = (
				C1956EC829ACDD3D00018A93 /* SnackBar */,
				C1956EB829ACD39E00018A93 /* TableViewCell */,
				C1956EA429AC8E4400018A93 /* LineTabBar */,
				C1956E9929AC772100018A93 /* TextField */,
				C1956E8E29AB75DA00018A93 /* TextView */,
				C14389C429AB696D00138586 /* Profile */,
				C188B32229AA5522008122EF /* Buttons */,
				C188B31129AA5335008122EF /* ViewController.swift */,
				C188B30D29AA5335008122EF /* AppDelegate.swift */,
				C188B30F29AA5335008122EF /* SceneDelegate.swift */,
				C188B31329AA5335008122EF /* Main.storyboard */,
				C188B31629AA5338008122EF /* Assets.xcassets */,
				C188B31829AA5338008122EF /* LaunchScreen.storyboard */,
				C188B31B29AA5338008122EF /* Info.plist */,
			);
			path = "DIDA-UI";
			sourceTree = "<group>";
		};
		C188B32229AA5522008122EF /* Buttons */ = {
			isa = PBXGroup;
			children = (
				C188B31F29AA5507008122EF /* ButtonsViewController.swift */,
				C188B32329AA5550008122EF /* Buttons.swift */,
			);
			path = Buttons;
			sourceTree = "<group>";
		};
		C1956E8E29AB75DA00018A93 /* TextView */ = {
			isa = PBXGroup;
			children = (
				C1956E8F29AB785800018A93 /* TextViewController.swift */,
				C1956E9129AB788B00018A93 /* TextView.swift */,
			);
			path = TextView;
			sourceTree = "<group>";
		};
		C1956E9929AC772100018A93 /* TextField */ = {
			isa = PBXGroup;
			children = (
				C1956E9A29AC773100018A93 /* TextField.swift */,
				C1956E9D29AC777C00018A93 /* TextFieldViewController.swift */,
				C1956EA129AC8B6D00018A93 /* FullTextField.swift */,
			);
			path = TextField;
			sourceTree = "<group>";
		};
		C1956EA429AC8E4400018A93 /* LineTabBar */ = {
			isa = PBXGroup;
			children = (
				C1956EA529AC8E4F00018A93 /* LineTabBarController.swift */,
				C1956EA729AC8E5800018A93 /* LineTabBar.swift */,
			);
			path = LineTabBar;
			sourceTree = "<group>";
		};
		C1956EB829ACD39E00018A93 /* TableViewCell */ = {
			isa = PBXGroup;
			children = (
				C1956EBC29ACD3FB00018A93 /* TableViewController.swift */,
				C1956EBE29ACD4EB00018A93 /* TableViewCell.swift */,
				C1956EBF29ACD4EB00018A93 /* TableViewCell.xib */,
			);
			path = TableViewCell;
			sourceTree = "<group>";
		};
		C1956EC829ACDD3D00018A93 /* SnackBar */ = {
			isa = PBXGroup;
			children = (
				C1956EC929ACDD5000018A93 /* SnackBar.swift */,
				C1956ECC29ACE1B000018A93 /* SnackBarActionItem.swift */,
				C1956ECF29ADB78400018A93 /* SnackBarViewController.swift */,
			);
			path = SnackBar;
			sourceTree = "<group>";
		};
		D289DCB4F2E520AC2328E8D6 /* Pods */ = {
			isa = PBXGroup;
			children = (
				00C2EA4848C8C979389CE103 /* Pods-DIDA.debug.xcconfig */,
				C5449B74294F171881EA4CD0 /* Pods-DIDA.release.xcconfig */,
				54EEF637E7147C3DE2D5676B /* Pods-DIDA-UI.debug.xcconfig */,
				81D4F002083530D9F94FCC05 /* Pods-DIDA-UI.release.xcconfig */,
			);
			path = Pods;
			sourceTree = "<group>";
		};
		EE110531299A900B00C5D370 = {
			isa = PBXGroup;
			children = (
				EE11053C299A900B00C5D370 /* DIDA */,
				C188B30C29AA5335008122EF /* DIDA-UI */,
				EE11053B299A900B00C5D370 /* Products */,
				D289DCB4F2E520AC2328E8D6 /* Pods */,
				56E8AEA0F88F42B26CE316FB /* Frameworks */,
			);
			sourceTree = "<group>";
		};
		EE11053B299A900B00C5D370 /* Products */ = {
			isa = PBXGroup;
			children = (
				EE11053A299A900B00C5D370 /* DIDA.app */,
				C188B30B29AA5335008122EF /* DIDA-UI.app */,
			);
			name = Products;
			sourceTree = "<group>";
		};
		EE11053C299A900B00C5D370 /* DIDA */ = {
			isa = PBXGroup;
			children = (
				C13633FA29A0C59F0023DA68 /* Presentation */,
				C13633FB29A0C5B70023DA68 /* Domain */,
				C13633FC29A0C5C10023DA68 /* Data */,
				C13633FD29A0C5F80023DA68 /* Common */,
				C136340B29A0CAA10023DA68 /* Infratruction */,
				EE11053D299A900B00C5D370 /* AppDelegate.swift */,
				EE11053F299A900B00C5D370 /* SceneDelegate.swift */,
				EE110541299A900B00C5D370 /* ViewController.swift */,
				EE110543299A900B00C5D370 /* Main.storyboard */,
				EE110546299A900C00C5D370 /* Assets.xcassets */,
				C136340729A0C6FA0023DA68 /* ColorAssets.xcassets */,
				EE110548299A900C00C5D370 /* LaunchScreen.storyboard */,
				EE11054B299A900C00C5D370 /* Info.plist */,
				C136340D29A0CCA40023DA68 /* Supporting Files */,
			);
			path = DIDA;
			sourceTree = "<group>";
		};
		EE365C8129A1167400B53A6E /* HotItem */ = {
			isa = PBXGroup;
			children = (
				EEFA9C8329A0CB5B0061D9D9 /* HotItemCollectionViewCell.swift */,
				EEFA9C8429A0CB5B0061D9D9 /* HotItemCollectionViewCell.xib */,
				EECD7EF329B562C60067961B /* HotItemSectionCollectionViewCell.swift */,
				EECD7EF429B562C60067961B /* HotItemSectionCollectionViewCell.xib */,
			);
			path = HotItem;
			sourceTree = "<group>";
		};
		EE365C8229A1168500B53A6E /* SoldOut */ = {
			isa = PBXGroup;
			children = (
				EE47EB4629B63130004879D9 /* SoldOutSectionCollectionViewCell.swift */,
				EE47EB4729B63130004879D9 /* SoldOutSectionCollectionViewCell.xib */,
			);
			path = SoldOut;
			sourceTree = "<group>";
		};
		EE365C8329A1168F00B53A6E /* RecentNFT */ = {
			isa = PBXGroup;
			children = (
				EE242AE329B9A87C00690518 /* RecentNFTSectionCollectionViewCell.swift */,
				EE242AE429B9A87C00690518 /* RecentNFTSectionCollectionViewCell.xib */,
			);
			path = RecentNFT;
			sourceTree = "<group>";
		};
		EE365C8829A11F3F00B53A6E /* Activity */ = {
			isa = PBXGroup;
			children = (
				EE365C8929A11F6800B53A6E /* ActiveActivityTableViewCell.swift */,
				EE365C8A29A11F6800B53A6E /* ActiveActivityTableViewCell.xib */,
				EE242AE729B9B21D00690518 /* ActivitySectionCollectionViewCell.swift */,
				EE242AE829B9B21D00690518 /* ActivitySectionCollectionViewCell.xib */,
			);
			path = Activity;
			sourceTree = "<group>";
		};
		EE365C8D29A12A8D00B53A6E /* HotSeller */ = {
			isa = PBXGroup;
			children = (
				EEC91FA929A1DF36002AFB65 /* MainCustomTabbar */,
				EEC91FB429A1F1ED002AFB65 /* SellerCollectionViewCell.swift */,
				EEC91FB529A1F1ED002AFB65 /* SellerCollectionViewCell.xib */,
				EE48694C29B58927005CEF31 /* HotSellerSectionCollectionViewCell.swift */,
				EE48694D29B58927005CEF31 /* HotSellerSectionCollectionViewCell.xib */,
			);
			path = HotSeller;
			sourceTree = "<group>";
		};
		EEC91FA929A1DF36002AFB65 /* MainCustomTabbar */ = {
			isa = PBXGroup;
			children = (
				EEC91FAA29A1DF87002AFB65 /* MainTabbarCollectionViewCell.swift */,
				EEC91FAB29A1DF87002AFB65 /* MainTabbarCollectionViewCell.xib */,
				EEC91FAE29A1E05D002AFB65 /* MainCustomTabbar.swift */,
				EEC91FB029A1E5ED002AFB65 /* MainTabbarPageCollectionViewCell.swift */,
				EEC91FB129A1E5ED002AFB65 /* MainTabbarPageCollectionViewCell.xib */,
			);
			path = MainCustomTabbar;
			sourceTree = "<group>";
		};
		EECD7EF929B56D5E0067961B /* TabbarCell */ = {
			isa = PBXGroup;
			children = (
				EECD7EFA29B56D8E0067961B /* TabbarSectionCollectionViewCell.swift */,
				EECD7EFB29B56D8E0067961B /* TabbarSectionCollectionViewCell.xib */,
			);
			path = TabbarCell;
			sourceTree = "<group>";
		};
		EEFA9C7E29A0C37B0061D9D9 /* Cell */ = {
			isa = PBXGroup;
			children = (
				EECD7EF929B56D5E0067961B /* TabbarCell */,
				EE365C8D29A12A8D00B53A6E /* HotSeller */,
				EE365C8829A11F3F00B53A6E /* Activity */,
				EE365C8329A1168F00B53A6E /* RecentNFT */,
				EE365C8229A1168500B53A6E /* SoldOut */,
				EE365C8129A1167400B53A6E /* HotItem */,
			);
			path = Cell;
			sourceTree = "<group>";
		};
/* End PBXGroup section */

/* Begin PBXNativeTarget section */
		C188B30A29AA5335008122EF /* DIDA-UI */ = {
			isa = PBXNativeTarget;
			buildConfigurationList = C188B31C29AA5338008122EF /* Build configuration list for PBXNativeTarget "DIDA-UI" */;
			buildPhases = (
				3CDD49774302D96F293FD091 /* [CP] Check Pods Manifest.lock */,
				C188B30729AA5335008122EF /* Sources */,
				C188B30829AA5335008122EF /* Frameworks */,
				C188B30929AA5335008122EF /* Resources */,
				050DA2EC0CED4DAACA7B011B /* [CP] Embed Pods Frameworks */,
				C16C48E829AA727B008CD62B /* Embed Frameworks */,
			);
			buildRules = (
			);
			dependencies = (
			);
			name = "DIDA-UI";
			productName = "DIDA-UI";
			productReference = C188B30B29AA5335008122EF /* DIDA-UI.app */;
			productType = "com.apple.product-type.application";
		};
		EE110539299A900B00C5D370 /* DIDA */ = {
			isa = PBXNativeTarget;
			buildConfigurationList = EE11054E299A900C00C5D370 /* Build configuration list for PBXNativeTarget "DIDA" */;
			buildPhases = (
				A29A221824ABF6F3AF3DC70B /* [CP] Check Pods Manifest.lock */,
				EE110536299A900B00C5D370 /* Sources */,
				EE110537299A900B00C5D370 /* Frameworks */,
				EE110538299A900B00C5D370 /* Resources */,
				C395EE1B414FFB656B3D2BB2 /* [CP] Embed Pods Frameworks */,
				C1C8022929B488F900221FB9 /* Embed Frameworks */,
			);
			buildRules = (
			);
			dependencies = (
			);
			name = DIDA;
			productName = DIDA;
			productReference = EE11053A299A900B00C5D370 /* DIDA.app */;
			productType = "com.apple.product-type.application";
		};
/* End PBXNativeTarget section */

/* Begin PBXProject section */
		EE110532299A900B00C5D370 /* Project object */ = {
			isa = PBXProject;
			attributes = {
				BuildIndependentTargetsInParallel = 1;
				LastSwiftUpdateCheck = 1420;
				LastUpgradeCheck = 1420;
				TargetAttributes = {
					C188B30A29AA5335008122EF = {
						CreatedOnToolsVersion = 14.2;
					};
					EE110539299A900B00C5D370 = {
						CreatedOnToolsVersion = 14.2;
					};
				};
			};
			buildConfigurationList = EE110535299A900B00C5D370 /* Build configuration list for PBXProject "DIDA" */;
			compatibilityVersion = "Xcode 14.0";
			developmentRegion = en;
			hasScannedForEncodings = 0;
			knownRegions = (
				en,
				Base,
			);
			mainGroup = EE110531299A900B00C5D370;
			productRefGroup = EE11053B299A900B00C5D370 /* Products */;
			projectDirPath = "";
			projectRoot = "";
			targets = (
				EE110539299A900B00C5D370 /* DIDA */,
				C188B30A29AA5335008122EF /* DIDA-UI */,
			);
		};
/* End PBXProject section */

/* Begin PBXResourcesBuildPhase section */
		C188B30929AA5335008122EF /* Resources */ = {
			isa = PBXResourcesBuildPhase;
			buildActionMask = 2147483647;
			files = (
				C15753DC29AA70960048E62C /* Pretendard-Medium.ttf in Resources */,
				C1956EB729ACD0F300018A93 /* Pretendard-Bold.otf in Resources */,
				C188B31A29AA5338008122EF /* LaunchScreen.storyboard in Resources */,
				C15753E229AA70960048E62C /* Pretendard-SemiBold.ttf in Resources */,
				C1956EC329ACD4EB00018A93 /* TableViewCell.xib in Resources */,
				C15753E429AA70960048E62C /* Pretendard-ExtraLight.ttf in Resources */,
				C188B31729AA5338008122EF /* Assets.xcassets in Resources */,
				C188B31529AA5335008122EF /* Main.storyboard in Resources */,
				C15753E129AA70960048E62C /* Pretendard-Regular.ttf in Resources */,
				C15753DD29AA70960048E62C /* Pretendard-Black.ttf in Resources */,
				C15753E329AA70960048E62C /* Pretendard-Thin.ttf in Resources */,
				C15753DF29AA70960048E62C /* Pretendard-Light.ttf in Resources */,
				C15753E029AA70960048E62C /* Pretendard-ExtraBold.ttf in Resources */,
			);
			runOnlyForDeploymentPostprocessing = 0;
		};
		EE110538299A900B00C5D370 /* Resources */ = {
			isa = PBXResourcesBuildPhase;
			buildActionMask = 2147483647;
			files = (
				EE48694F29B58927005CEF31 /* HotSellerSectionCollectionViewCell.xib in Resources */,
				C136343629A0CD090023DA68 /* Pretendard-SemiBold.ttf in Resources */,
				EEC91FB329A1E5ED002AFB65 /* MainTabbarPageCollectionViewCell.xib in Resources */,
				C1956E9529ABAC2400018A93 /* Assets.xcassets in Resources */,
				EE11054A299A900C00C5D370 /* LaunchScreen.storyboard in Resources */,
				EEC91FAD29A1DF87002AFB65 /* MainTabbarCollectionViewCell.xib in Resources */,
				EE47EB4929B63130004879D9 /* SoldOutSectionCollectionViewCell.xib in Resources */,
				EEFA9C8629A0CB5B0061D9D9 /* HotItemCollectionViewCell.xib in Resources */,
				EEC91FB729A1F1ED002AFB65 /* SellerCollectionViewCell.xib in Resources */,
				C136343929A0CD090023DA68 /* Pretendard-ExtraBold.ttf in Resources */,
				C1956EB629ACD0F300018A93 /* Pretendard-Bold.otf in Resources */,
				EE242AEA29B9B21D00690518 /* ActivitySectionCollectionViewCell.xib in Resources */,
				C136340829A0C6FA0023DA68 /* ColorAssets.xcassets in Resources */,
				EECD7EFD29B56D8E0067961B /* TabbarSectionCollectionViewCell.xib in Resources */,
				C136343A29A0CD090023DA68 /* Pretendard-Regular.ttf in Resources */,
				C136343229A0CD090023DA68 /* Pretendard-Light.ttf in Resources */,
				EE365C8C29A11F6800B53A6E /* ActiveActivityTableViewCell.xib in Resources */,
				C136343429A0CD090023DA68 /* Pretendard-Medium.ttf in Resources */,
				C1956EC229ACD4EB00018A93 /* TableViewCell.xib in Resources */,
				EE242AE629B9A87C00690518 /* RecentNFTSectionCollectionViewCell.xib in Resources */,
				EECD7EF629B562C60067961B /* HotItemSectionCollectionViewCell.xib in Resources */,
				EE110545299A900B00C5D370 /* Main.storyboard in Resources */,
				C136343829A0CD090023DA68 /* Pretendard-Thin.ttf in Resources */,
				C136343529A0CD090023DA68 /* Pretendard-ExtraLight.ttf in Resources */,
				C136343729A0CD090023DA68 /* Pretendard-Black.ttf in Resources */,
			);
			runOnlyForDeploymentPostprocessing = 0;
		};
/* End PBXResourcesBuildPhase section */

/* Begin PBXShellScriptBuildPhase section */
		050DA2EC0CED4DAACA7B011B /* [CP] Embed Pods Frameworks */ = {
			isa = PBXShellScriptBuildPhase;
			buildActionMask = 2147483647;
			files = (
			);
			inputFileListPaths = (
				"${PODS_ROOT}/Target Support Files/Pods-DIDA-UI/Pods-DIDA-UI-frameworks-${CONFIGURATION}-input-files.xcfilelist",
			);
			name = "[CP] Embed Pods Frameworks";
			outputFileListPaths = (
				"${PODS_ROOT}/Target Support Files/Pods-DIDA-UI/Pods-DIDA-UI-frameworks-${CONFIGURATION}-output-files.xcfilelist",
			);
			runOnlyForDeploymentPostprocessing = 0;
			shellPath = /bin/sh;
			shellScript = "\"${PODS_ROOT}/Target Support Files/Pods-DIDA-UI/Pods-DIDA-UI-frameworks.sh\"\n";
			showEnvVarsInLog = 0;
		};
		3CDD49774302D96F293FD091 /* [CP] Check Pods Manifest.lock */ = {
			isa = PBXShellScriptBuildPhase;
			buildActionMask = 2147483647;
			files = (
			);
			inputFileListPaths = (
			);
			inputPaths = (
				"${PODS_PODFILE_DIR_PATH}/Podfile.lock",
				"${PODS_ROOT}/Manifest.lock",
			);
			name = "[CP] Check Pods Manifest.lock";
			outputFileListPaths = (
			);
			outputPaths = (
				"$(DERIVED_FILE_DIR)/Pods-DIDA-UI-checkManifestLockResult.txt",
			);
			runOnlyForDeploymentPostprocessing = 0;
			shellPath = /bin/sh;
			shellScript = "diff \"${PODS_PODFILE_DIR_PATH}/Podfile.lock\" \"${PODS_ROOT}/Manifest.lock\" > /dev/null\nif [ $? != 0 ] ; then\n    # print error to STDERR\n    echo \"error: The sandbox is not in sync with the Podfile.lock. Run 'pod install' or update your CocoaPods installation.\" >&2\n    exit 1\nfi\n# This output is used by Xcode 'outputs' to avoid re-running this script phase.\necho \"SUCCESS\" > \"${SCRIPT_OUTPUT_FILE_0}\"\n";
			showEnvVarsInLog = 0;
		};
		A29A221824ABF6F3AF3DC70B /* [CP] Check Pods Manifest.lock */ = {
			isa = PBXShellScriptBuildPhase;
			buildActionMask = 2147483647;
			files = (
			);
			inputFileListPaths = (
			);
			inputPaths = (
				"${PODS_PODFILE_DIR_PATH}/Podfile.lock",
				"${PODS_ROOT}/Manifest.lock",
			);
			name = "[CP] Check Pods Manifest.lock";
			outputFileListPaths = (
			);
			outputPaths = (
				"$(DERIVED_FILE_DIR)/Pods-DIDA-checkManifestLockResult.txt",
			);
			runOnlyForDeploymentPostprocessing = 0;
			shellPath = /bin/sh;
			shellScript = "diff \"${PODS_PODFILE_DIR_PATH}/Podfile.lock\" \"${PODS_ROOT}/Manifest.lock\" > /dev/null\nif [ $? != 0 ] ; then\n    # print error to STDERR\n    echo \"error: The sandbox is not in sync with the Podfile.lock. Run 'pod install' or update your CocoaPods installation.\" >&2\n    exit 1\nfi\n# This output is used by Xcode 'outputs' to avoid re-running this script phase.\necho \"SUCCESS\" > \"${SCRIPT_OUTPUT_FILE_0}\"\n";
			showEnvVarsInLog = 0;
		};
		C395EE1B414FFB656B3D2BB2 /* [CP] Embed Pods Frameworks */ = {
			isa = PBXShellScriptBuildPhase;
			buildActionMask = 2147483647;
			files = (
			);
			inputFileListPaths = (
				"${PODS_ROOT}/Target Support Files/Pods-DIDA/Pods-DIDA-frameworks-${CONFIGURATION}-input-files.xcfilelist",
			);
			name = "[CP] Embed Pods Frameworks";
			outputFileListPaths = (
				"${PODS_ROOT}/Target Support Files/Pods-DIDA/Pods-DIDA-frameworks-${CONFIGURATION}-output-files.xcfilelist",
			);
			runOnlyForDeploymentPostprocessing = 0;
			shellPath = /bin/sh;
			shellScript = "\"${PODS_ROOT}/Target Support Files/Pods-DIDA/Pods-DIDA-frameworks.sh\"\n";
			showEnvVarsInLog = 0;
		};
/* End PBXShellScriptBuildPhase section */

/* Begin PBXSourcesBuildPhase section */
		C188B30729AA5335008122EF /* Sources */ = {
			isa = PBXSourcesBuildPhase;
			buildActionMask = 2147483647;
			files = (
				C1956E9F29AC777C00018A93 /* TextFieldViewController.swift in Sources */,
				C1956EBD29ACD3FB00018A93 /* TableViewController.swift in Sources */,
				C188B32629AA5B01008122EF /* Fonts.swift in Sources */,
				C1956EA929AC8E5800018A93 /* LineTabBar.swift in Sources */,
				C1C8022629B1159900221FB9 /* (null) in Sources */,
				C1956EA929AC8E5800018A93 /* LineTabBar.swift in Sources */,
				C14389C929AB6EC500138586 /* Profile.swift in Sources */,
				C1956ECE29ACE1B000018A93 /* SnackBarActionItem.swift in Sources */,
				C1956EA629AC8E4F00018A93 /* LineTabBarController.swift in Sources */,
				C188B32429AA5550008122EF /* Buttons.swift in Sources */,
				C1956E9C29AC773100018A93 /* TextField.swift in Sources */,
				C1956ED029ADB78400018A93 /* SnackBarViewController.swift in Sources */,
				C1956E9329AB788B00018A93 /* TextView.swift in Sources */,
				C188B32529AA5B01008122EF /* Colors.swift in Sources */,
				C188B32A29AA61AC008122EF /* UIImage+Extension.swift in Sources */,
				C14389C329AA811700138586 /* String+Extension.swift in Sources */,
				C1956EC129ACD4EB00018A93 /* TableViewCell.swift in Sources */,
				C188B32029AA5507008122EF /* ButtonsViewController.swift in Sources */,
				C14389C629AB69B100138586 /* ProfileViewController.swift in Sources */,
				C188B31229AA5335008122EF /* ViewController.swift in Sources */,
				C188B30E29AA5335008122EF /* AppDelegate.swift in Sources */,
				C188B31029AA5335008122EF /* SceneDelegate.swift in Sources */,
				C188B32729AA5CE0008122EF /* UIColor+Extension.swift in Sources */,
				C1956ECB29ACDD5000018A93 /* SnackBar.swift in Sources */,
				C1956E9029AB785800018A93 /* TextViewController.swift in Sources */,
				C1956EA329AC8B6D00018A93 /* FullTextField.swift in Sources */,
			);
			runOnlyForDeploymentPostprocessing = 0;
		};
		EE110536299A900B00C5D370 /* Sources */ = {
			isa = PBXSourcesBuildPhase;
			buildActionMask = 2147483647;
			files = (
				EECD7EFC29B56D8E0067961B /* TabbarSectionCollectionViewCell.swift in Sources */,
				C1C8024129B48C1400221FB9 /* AppDelegate.swift in Sources */,
				C1C8022C29B48BA100221FB9 /* MainNavigationController.swift in Sources */,
				C1C8023F29B48C0400221FB9 /* BaseViewModel.swift in Sources */,
				C1C8025329B48D1700221FB9 /* TextView.swift in Sources */,
				C1C8024F29B48D0500221FB9 /* TextField.swift in Sources */,
				C1C8023B29B48BFB00221FB9 /* CommunityViewController.swift in Sources */,
				C1C8025029B48D0700221FB9 /* FullTextField.swift in Sources */,
				C1C8024529B48C1400221FB9 /* UIColor+Extension.swift in Sources */,
				C1C8023D29B48C0400221FB9 /* BaseViewController.swift in Sources */,
				C1C8024329B48C1400221FB9 /* ViewController.swift in Sources */,
				C1C8022E29B48BB200221FB9 /* MainTabbarCollectionViewCell.swift in Sources */,
				C1C8022B29B48BA100221FB9 /* TabBarItem.swift in Sources */,
				C1C8024029B48C1400221FB9 /* UIImage+Extension.swift in Sources */,
				C1C8025129B48D0C00221FB9 /* Buttons.swift in Sources */,
				C1C8023829B48BEF00221FB9 /* HotItemCollectionViewCell.swift in Sources */,
				C1C8022A29B48BA100221FB9 /* TabBar.swift in Sources */,
				C1C8023E29B48C0400221FB9 /* Colors.swift in Sources */,
				C1C8023029B48BB200221FB9 /* MainCustomTabbar.swift in Sources */,
				C1C8024E29B48D0000221FB9 /* (null) in Sources */,
				C1C8023329B48BB700221FB9 /* ActiveActivityTableViewCell.swift in Sources */,
				EE242AE529B9A87C00690518 /* RecentNFTSectionCollectionViewCell.swift in Sources */,
				C1C8024D29B48D0000221FB9 /* (null) in Sources */,
				C1C8023A29B48BF900221FB9 /* MyPageViewController.swift in Sources */,
				C1C8022D29B48BA100221FB9 /* MainViewController.swift in Sources */,
				EE48694E29B58927005CEF31 /* HotSellerSectionCollectionViewCell.swift in Sources */,
				C1C8024429B48C1400221FB9 /* String+Extension.swift in Sources */,
				EE47EB4829B63130004879D9 /* SoldOutSectionCollectionViewCell.swift in Sources */,
				C1C8023129B48BB200221FB9 /* MainTabbarPageCollectionViewCell.swift in Sources */,
				C1C8024B29B48C3400221FB9 /* TableViewCell.swift in Sources */,
				C1C8024A29B48C2E00221FB9 /* SnackBar.swift in Sources */,
				C1C8023629B48BEA00221FB9 /* HomeViewController.swift in Sources */,
				C1C8024229B48C1400221FB9 /* SceneDelegate.swift in Sources */,
				C1C8023929B48BF300221FB9 /* SwapViewController.swift in Sources */,
				C1C8024929B48C2E00221FB9 /* SnackBarActionItem.swift in Sources */,
				EECD7EF529B562C60067961B /* HotItemSectionCollectionViewCell.swift in Sources */,
				C1C8023C29B48C0400221FB9 /* Fonts.swift in Sources */,
				EE242AE929B9B21D00690518 /* ActivitySectionCollectionViewCell.swift in Sources */,
				C1C8025229B48D1200221FB9 /* Profile.swift in Sources */,
				EECD7EF829B565EF0067961B /* UICollectionReusableView+Extension.swift in Sources */,
				C1C8022F29B48BB200221FB9 /* SellerCollectionViewCell.swift in Sources */,
				C1C8024C29B48D0000221FB9 /* LineTabBar.swift in Sources */,
			);
			runOnlyForDeploymentPostprocessing = 0;
		};
/* End PBXSourcesBuildPhase section */

/* Begin PBXVariantGroup section */
		C188B31329AA5335008122EF /* Main.storyboard */ = {
			isa = PBXVariantGroup;
			children = (
				C188B31429AA5335008122EF /* Base */,
			);
			name = Main.storyboard;
			sourceTree = "<group>";
		};
		C188B31829AA5338008122EF /* LaunchScreen.storyboard */ = {
			isa = PBXVariantGroup;
			children = (
				C188B31929AA5338008122EF /* Base */,
			);
			name = LaunchScreen.storyboard;
			sourceTree = "<group>";
		};
		EE110543299A900B00C5D370 /* Main.storyboard */ = {
			isa = PBXVariantGroup;
			children = (
				EE110544299A900B00C5D370 /* Base */,
			);
			name = Main.storyboard;
			sourceTree = "<group>";
		};
		EE110548299A900C00C5D370 /* LaunchScreen.storyboard */ = {
			isa = PBXVariantGroup;
			children = (
				EE110549299A900C00C5D370 /* Base */,
			);
			name = LaunchScreen.storyboard;
			sourceTree = "<group>";
		};
/* End PBXVariantGroup section */

/* Begin XCBuildConfiguration section */
		C188B31D29AA5338008122EF /* Debug */ = {
			isa = XCBuildConfiguration;
			baseConfigurationReference = 54EEF637E7147C3DE2D5676B /* Pods-DIDA-UI.debug.xcconfig */;
			buildSettings = {
				ASSETCATALOG_COMPILER_APPICON_NAME = AppIcon;
				ASSETCATALOG_COMPILER_GLOBAL_ACCENT_COLOR_NAME = AccentColor;
				ASSETCATALOG_COMPILER_INCLUDE_ALL_APPICON_ASSETS = YES;
				CODE_SIGN_STYLE = Automatic;
				CURRENT_PROJECT_VERSION = 1;
				DEVELOPMENT_TEAM = "";
				GENERATE_INFOPLIST_FILE = YES;
				INFOPLIST_FILE = "DIDA-UI/Info.plist";
				INFOPLIST_KEY_UIApplicationSupportsIndirectInputEvents = YES;
				INFOPLIST_KEY_UILaunchStoryboardName = Main.storyboard;
				INFOPLIST_KEY_UIMainStoryboardFile = Main;
				INFOPLIST_KEY_UISupportedInterfaceOrientations = UIInterfaceOrientationPortrait;
				INFOPLIST_KEY_UISupportedInterfaceOrientations_iPad = "UIInterfaceOrientationLandscapeLeft UIInterfaceOrientationLandscapeRight UIInterfaceOrientationPortrait UIInterfaceOrientationPortraitUpsideDown";
				IPHONEOS_DEPLOYMENT_TARGET = 14.0;
				LD_RUNPATH_SEARCH_PATHS = (
					"$(inherited)",
					"@executable_path/Frameworks",
				);
				MARKETING_VERSION = 1.0;
				PRODUCT_BUNDLE_IDENTIFIER = "com.dida.DIDA.UI.DIDA-UI";
				PRODUCT_NAME = "$(TARGET_NAME)";
				SUPPORTED_PLATFORMS = "iphoneos iphonesimulator";
				SUPPORTS_MACCATALYST = NO;
				SUPPORTS_MAC_DESIGNED_FOR_IPHONE_IPAD = NO;
				SWIFT_EMIT_LOC_STRINGS = YES;
				SWIFT_VERSION = 5.0;
				TARGETED_DEVICE_FAMILY = 1;
			};
			name = Debug;
		};
		C188B31E29AA5338008122EF /* Release */ = {
			isa = XCBuildConfiguration;
			baseConfigurationReference = 81D4F002083530D9F94FCC05 /* Pods-DIDA-UI.release.xcconfig */;
			buildSettings = {
				ASSETCATALOG_COMPILER_APPICON_NAME = AppIcon;
				ASSETCATALOG_COMPILER_GLOBAL_ACCENT_COLOR_NAME = AccentColor;
				ASSETCATALOG_COMPILER_INCLUDE_ALL_APPICON_ASSETS = YES;
				CODE_SIGN_STYLE = Automatic;
				CURRENT_PROJECT_VERSION = 1;
				DEVELOPMENT_TEAM = "";
				GENERATE_INFOPLIST_FILE = YES;
				INFOPLIST_FILE = "DIDA-UI/Info.plist";
				INFOPLIST_KEY_UIApplicationSupportsIndirectInputEvents = YES;
				INFOPLIST_KEY_UILaunchStoryboardName = Main.storyboard;
				INFOPLIST_KEY_UIMainStoryboardFile = Main;
				INFOPLIST_KEY_UISupportedInterfaceOrientations = UIInterfaceOrientationPortrait;
				INFOPLIST_KEY_UISupportedInterfaceOrientations_iPad = "UIInterfaceOrientationLandscapeLeft UIInterfaceOrientationLandscapeRight UIInterfaceOrientationPortrait UIInterfaceOrientationPortraitUpsideDown";
				IPHONEOS_DEPLOYMENT_TARGET = 14.0;
				LD_RUNPATH_SEARCH_PATHS = (
					"$(inherited)",
					"@executable_path/Frameworks",
				);
				MARKETING_VERSION = 1.0;
				PRODUCT_BUNDLE_IDENTIFIER = "com.dida.DIDA.UI.DIDA-UI";
				PRODUCT_NAME = "$(TARGET_NAME)";
				SUPPORTED_PLATFORMS = "iphoneos iphonesimulator";
				SUPPORTS_MACCATALYST = NO;
				SUPPORTS_MAC_DESIGNED_FOR_IPHONE_IPAD = NO;
				SWIFT_EMIT_LOC_STRINGS = YES;
				SWIFT_VERSION = 5.0;
				TARGETED_DEVICE_FAMILY = 1;
			};
			name = Release;
		};
		EE11054C299A900C00C5D370 /* Debug */ = {
			isa = XCBuildConfiguration;
			buildSettings = {
				ALWAYS_SEARCH_USER_PATHS = NO;
				CLANG_ANALYZER_NONNULL = YES;
				CLANG_ANALYZER_NUMBER_OBJECT_CONVERSION = YES_AGGRESSIVE;
				CLANG_CXX_LANGUAGE_STANDARD = "gnu++20";
				CLANG_ENABLE_MODULES = YES;
				CLANG_ENABLE_OBJC_ARC = YES;
				CLANG_ENABLE_OBJC_WEAK = YES;
				CLANG_WARN_BLOCK_CAPTURE_AUTORELEASING = YES;
				CLANG_WARN_BOOL_CONVERSION = YES;
				CLANG_WARN_COMMA = YES;
				CLANG_WARN_CONSTANT_CONVERSION = YES;
				CLANG_WARN_DEPRECATED_OBJC_IMPLEMENTATIONS = YES;
				CLANG_WARN_DIRECT_OBJC_ISA_USAGE = YES_ERROR;
				CLANG_WARN_DOCUMENTATION_COMMENTS = YES;
				CLANG_WARN_EMPTY_BODY = YES;
				CLANG_WARN_ENUM_CONVERSION = YES;
				CLANG_WARN_INFINITE_RECURSION = YES;
				CLANG_WARN_INT_CONVERSION = YES;
				CLANG_WARN_NON_LITERAL_NULL_CONVERSION = YES;
				CLANG_WARN_OBJC_IMPLICIT_RETAIN_SELF = YES;
				CLANG_WARN_OBJC_LITERAL_CONVERSION = YES;
				CLANG_WARN_OBJC_ROOT_CLASS = YES_ERROR;
				CLANG_WARN_QUOTED_INCLUDE_IN_FRAMEWORK_HEADER = YES;
				CLANG_WARN_RANGE_LOOP_ANALYSIS = YES;
				CLANG_WARN_STRICT_PROTOTYPES = YES;
				CLANG_WARN_SUSPICIOUS_MOVE = YES;
				CLANG_WARN_UNGUARDED_AVAILABILITY = YES_AGGRESSIVE;
				CLANG_WARN_UNREACHABLE_CODE = YES;
				CLANG_WARN__DUPLICATE_METHOD_MATCH = YES;
				COPY_PHASE_STRIP = NO;
				DEBUG_INFORMATION_FORMAT = dwarf;
				ENABLE_STRICT_OBJC_MSGSEND = YES;
				ENABLE_TESTABILITY = YES;
				GCC_C_LANGUAGE_STANDARD = gnu11;
				GCC_DYNAMIC_NO_PIC = NO;
				GCC_NO_COMMON_BLOCKS = YES;
				GCC_OPTIMIZATION_LEVEL = 0;
				GCC_PREPROCESSOR_DEFINITIONS = (
					"DEBUG=1",
					"$(inherited)",
				);
				GCC_WARN_64_TO_32_BIT_CONVERSION = YES;
				GCC_WARN_ABOUT_RETURN_TYPE = YES_ERROR;
				GCC_WARN_UNDECLARED_SELECTOR = YES;
				GCC_WARN_UNINITIALIZED_AUTOS = YES_AGGRESSIVE;
				GCC_WARN_UNUSED_FUNCTION = YES;
				GCC_WARN_UNUSED_VARIABLE = YES;
				IPHONEOS_DEPLOYMENT_TARGET = 14.0;
				MTL_ENABLE_DEBUG_INFO = INCLUDE_SOURCE;
				MTL_FAST_MATH = YES;
				ONLY_ACTIVE_ARCH = YES;
				SDKROOT = iphoneos;
				SWIFT_ACTIVE_COMPILATION_CONDITIONS = DEBUG;
				SWIFT_OPTIMIZATION_LEVEL = "-Onone";
			};
			name = Debug;
		};
		EE11054D299A900C00C5D370 /* Release */ = {
			isa = XCBuildConfiguration;
			buildSettings = {
				ALWAYS_SEARCH_USER_PATHS = NO;
				CLANG_ANALYZER_NONNULL = YES;
				CLANG_ANALYZER_NUMBER_OBJECT_CONVERSION = YES_AGGRESSIVE;
				CLANG_CXX_LANGUAGE_STANDARD = "gnu++20";
				CLANG_ENABLE_MODULES = YES;
				CLANG_ENABLE_OBJC_ARC = YES;
				CLANG_ENABLE_OBJC_WEAK = YES;
				CLANG_WARN_BLOCK_CAPTURE_AUTORELEASING = YES;
				CLANG_WARN_BOOL_CONVERSION = YES;
				CLANG_WARN_COMMA = YES;
				CLANG_WARN_CONSTANT_CONVERSION = YES;
				CLANG_WARN_DEPRECATED_OBJC_IMPLEMENTATIONS = YES;
				CLANG_WARN_DIRECT_OBJC_ISA_USAGE = YES_ERROR;
				CLANG_WARN_DOCUMENTATION_COMMENTS = YES;
				CLANG_WARN_EMPTY_BODY = YES;
				CLANG_WARN_ENUM_CONVERSION = YES;
				CLANG_WARN_INFINITE_RECURSION = YES;
				CLANG_WARN_INT_CONVERSION = YES;
				CLANG_WARN_NON_LITERAL_NULL_CONVERSION = YES;
				CLANG_WARN_OBJC_IMPLICIT_RETAIN_SELF = YES;
				CLANG_WARN_OBJC_LITERAL_CONVERSION = YES;
				CLANG_WARN_OBJC_ROOT_CLASS = YES_ERROR;
				CLANG_WARN_QUOTED_INCLUDE_IN_FRAMEWORK_HEADER = YES;
				CLANG_WARN_RANGE_LOOP_ANALYSIS = YES;
				CLANG_WARN_STRICT_PROTOTYPES = YES;
				CLANG_WARN_SUSPICIOUS_MOVE = YES;
				CLANG_WARN_UNGUARDED_AVAILABILITY = YES_AGGRESSIVE;
				CLANG_WARN_UNREACHABLE_CODE = YES;
				CLANG_WARN__DUPLICATE_METHOD_MATCH = YES;
				COPY_PHASE_STRIP = NO;
				DEBUG_INFORMATION_FORMAT = "dwarf-with-dsym";
				ENABLE_NS_ASSERTIONS = NO;
				ENABLE_STRICT_OBJC_MSGSEND = YES;
				GCC_C_LANGUAGE_STANDARD = gnu11;
				GCC_NO_COMMON_BLOCKS = YES;
				GCC_WARN_64_TO_32_BIT_CONVERSION = YES;
				GCC_WARN_ABOUT_RETURN_TYPE = YES_ERROR;
				GCC_WARN_UNDECLARED_SELECTOR = YES;
				GCC_WARN_UNINITIALIZED_AUTOS = YES_AGGRESSIVE;
				GCC_WARN_UNUSED_FUNCTION = YES;
				GCC_WARN_UNUSED_VARIABLE = YES;
				IPHONEOS_DEPLOYMENT_TARGET = 14.0;
				MTL_ENABLE_DEBUG_INFO = NO;
				MTL_FAST_MATH = YES;
				SDKROOT = iphoneos;
				SWIFT_COMPILATION_MODE = wholemodule;
				SWIFT_OPTIMIZATION_LEVEL = "-O";
				VALIDATE_PRODUCT = YES;
			};
			name = Release;
		};
		EE11054F299A900C00C5D370 /* Debug */ = {
			isa = XCBuildConfiguration;
			baseConfigurationReference = 00C2EA4848C8C979389CE103 /* Pods-DIDA.debug.xcconfig */;
			buildSettings = {
				ASSETCATALOG_COMPILER_APPICON_NAME = AppIcon;
				ASSETCATALOG_COMPILER_GLOBAL_ACCENT_COLOR_NAME = AccentColor;
				ASSETCATALOG_COMPILER_INCLUDE_ALL_APPICON_ASSETS = YES;
				CODE_SIGN_STYLE = Automatic;
				CURRENT_PROJECT_VERSION = 1;
				DEVELOPMENT_TEAM = 9Y2YJ5DNS7;
				GENERATE_INFOPLIST_FILE = YES;
				INFOPLIST_FILE = DIDA/Info.plist;
				INFOPLIST_KEY_UIApplicationSupportsIndirectInputEvents = YES;
				INFOPLIST_KEY_UILaunchStoryboardName = Main.storyboard;
				INFOPLIST_KEY_UIMainStoryboardFile = Main;
				INFOPLIST_KEY_UIStatusBarStyle = UIStatusBarStyleDarkContent;
				INFOPLIST_KEY_UISupportedInterfaceOrientations = UIInterfaceOrientationPortrait;
				INFOPLIST_KEY_UISupportedInterfaceOrientations_iPad = "UIInterfaceOrientationLandscapeLeft UIInterfaceOrientationLandscapeRight UIInterfaceOrientationPortrait UIInterfaceOrientationPortraitUpsideDown";
				IPHONEOS_DEPLOYMENT_TARGET = 14.0;
				LD_RUNPATH_SEARCH_PATHS = (
					"$(inherited)",
					"@executable_path/Frameworks",
				);
				MARKETING_VERSION = 1.0;
				PRODUCT_BUNDLE_IDENTIFIER = com.dida.DIDA;
				PRODUCT_NAME = "$(TARGET_NAME)";
				SUPPORTED_PLATFORMS = "iphoneos iphonesimulator";
				SUPPORTS_MACCATALYST = NO;
				SUPPORTS_MAC_DESIGNED_FOR_IPHONE_IPAD = NO;
				SWIFT_EMIT_LOC_STRINGS = YES;
				SWIFT_VERSION = 5.0;
				TARGETED_DEVICE_FAMILY = 1;
			};
			name = Debug;
		};
		EE110550299A900C00C5D370 /* Release */ = {
			isa = XCBuildConfiguration;
			baseConfigurationReference = C5449B74294F171881EA4CD0 /* Pods-DIDA.release.xcconfig */;
			buildSettings = {
				ASSETCATALOG_COMPILER_APPICON_NAME = AppIcon;
				ASSETCATALOG_COMPILER_GLOBAL_ACCENT_COLOR_NAME = AccentColor;
				ASSETCATALOG_COMPILER_INCLUDE_ALL_APPICON_ASSETS = YES;
				CODE_SIGN_IDENTITY = "Apple Development";
				CODE_SIGN_STYLE = Automatic;
				CURRENT_PROJECT_VERSION = 1;
				DEVELOPMENT_TEAM = 9Y2YJ5DNS7;
				GENERATE_INFOPLIST_FILE = YES;
				INFOPLIST_FILE = DIDA/Info.plist;
				INFOPLIST_KEY_UIApplicationSupportsIndirectInputEvents = YES;
				INFOPLIST_KEY_UILaunchStoryboardName = Main.storyboard;
				INFOPLIST_KEY_UIMainStoryboardFile = Main;
				INFOPLIST_KEY_UIStatusBarStyle = UIStatusBarStyleDarkContent;
				INFOPLIST_KEY_UISupportedInterfaceOrientations = UIInterfaceOrientationPortrait;
				INFOPLIST_KEY_UISupportedInterfaceOrientations_iPad = "UIInterfaceOrientationLandscapeLeft UIInterfaceOrientationLandscapeRight UIInterfaceOrientationPortrait UIInterfaceOrientationPortraitUpsideDown";
				IPHONEOS_DEPLOYMENT_TARGET = 14.0;
				LD_RUNPATH_SEARCH_PATHS = (
					"$(inherited)",
					"@executable_path/Frameworks",
				);
				MARKETING_VERSION = 1.0;
				PRODUCT_BUNDLE_IDENTIFIER = com.dida.DIDA;
				PRODUCT_NAME = "$(TARGET_NAME)";
				PROVISIONING_PROFILE_SPECIFIER = "";
				SUPPORTED_PLATFORMS = "iphoneos iphonesimulator";
				SUPPORTS_MACCATALYST = NO;
				SUPPORTS_MAC_DESIGNED_FOR_IPHONE_IPAD = NO;
				SWIFT_EMIT_LOC_STRINGS = YES;
				SWIFT_VERSION = 5.0;
				TARGETED_DEVICE_FAMILY = 1;
			};
			name = Release;
		};
/* End XCBuildConfiguration section */

/* Begin XCConfigurationList section */
		C188B31C29AA5338008122EF /* Build configuration list for PBXNativeTarget "DIDA-UI" */ = {
			isa = XCConfigurationList;
			buildConfigurations = (
				C188B31D29AA5338008122EF /* Debug */,
				C188B31E29AA5338008122EF /* Release */,
			);
			defaultConfigurationIsVisible = 0;
			defaultConfigurationName = Release;
		};
		EE110535299A900B00C5D370 /* Build configuration list for PBXProject "DIDA" */ = {
			isa = XCConfigurationList;
			buildConfigurations = (
				EE11054C299A900C00C5D370 /* Debug */,
				EE11054D299A900C00C5D370 /* Release */,
			);
			defaultConfigurationIsVisible = 0;
			defaultConfigurationName = Release;
		};
		EE11054E299A900C00C5D370 /* Build configuration list for PBXNativeTarget "DIDA" */ = {
			isa = XCConfigurationList;
			buildConfigurations = (
				EE11054F299A900C00C5D370 /* Debug */,
				EE110550299A900C00C5D370 /* Release */,
			);
			defaultConfigurationIsVisible = 0;
			defaultConfigurationName = Release;
		};
/* End XCConfigurationList section */
	};
	rootObject = EE110532299A900B00C5D370 /* Project object */;
}
