// !$*UTF8*$!
{
	archiveVersion = 1;
	classes = {
	};
	objectVersion = 56;
	objects = {

/* Begin PBXBuildFile section */
		6219D77741E6067F82433184 /* Pods_DIDA.framework in Frameworks */ = {isa = PBXBuildFile; fileRef = E41E7EB4DEF3B954D7EC0141 /* Pods_DIDA.framework */; };
		C136340429A0C6840023DA68 /* Fonts.swift in Sources */ = {isa = PBXBuildFile; fileRef = C136340329A0C6840023DA68 /* Fonts.swift */; };
		C136340629A0C68C0023DA68 /* Colors.swift in Sources */ = {isa = PBXBuildFile; fileRef = C136340529A0C68C0023DA68 /* Colors.swift */; };
		C136340829A0C6FA0023DA68 /* ColorAssets.xcassets in Resources */ = {isa = PBXBuildFile; fileRef = C136340729A0C6FA0023DA68 /* ColorAssets.xcassets */; };
		C136340A29A0CA980023DA68 /* UIColor+Extension.swift in Sources */ = {isa = PBXBuildFile; fileRef = C136340929A0CA980023DA68 /* UIColor+Extension.swift */; };
		EE11053E299A900B00C5D370 /* AppDelegate.swift in Sources */ = {isa = PBXBuildFile; fileRef = EE11053D299A900B00C5D370 /* AppDelegate.swift */; };
		EE110540299A900B00C5D370 /* SceneDelegate.swift in Sources */ = {isa = PBXBuildFile; fileRef = EE11053F299A900B00C5D370 /* SceneDelegate.swift */; };
		EE110542299A900B00C5D370 /* ViewController.swift in Sources */ = {isa = PBXBuildFile; fileRef = EE110541299A900B00C5D370 /* ViewController.swift */; };
		EE110545299A900B00C5D370 /* Main.storyboard in Resources */ = {isa = PBXBuildFile; fileRef = EE110543299A900B00C5D370 /* Main.storyboard */; };
		EE110547299A900C00C5D370 /* Assets.xcassets in Resources */ = {isa = PBXBuildFile; fileRef = EE110546299A900C00C5D370 /* Assets.xcassets */; };
		EE11054A299A900C00C5D370 /* LaunchScreen.storyboard in Resources */ = {isa = PBXBuildFile; fileRef = EE110548299A900C00C5D370 /* LaunchScreen.storyboard */; };
/* End PBXBuildFile section */

/* Begin PBXFileReference section */
		00C2EA4848C8C979389CE103 /* Pods-DIDA.debug.xcconfig */ = {isa = PBXFileReference; includeInIndex = 1; lastKnownFileType = text.xcconfig; name = "Pods-DIDA.debug.xcconfig"; path = "Target Support Files/Pods-DIDA/Pods-DIDA.debug.xcconfig"; sourceTree = "<group>"; };
		C136340329A0C6840023DA68 /* Fonts.swift */ = {isa = PBXFileReference; lastKnownFileType = sourcecode.swift; path = Fonts.swift; sourceTree = "<group>"; };
		C136340529A0C68C0023DA68 /* Colors.swift */ = {isa = PBXFileReference; lastKnownFileType = sourcecode.swift; path = Colors.swift; sourceTree = "<group>"; };
		C136340729A0C6FA0023DA68 /* ColorAssets.xcassets */ = {isa = PBXFileReference; lastKnownFileType = folder.assetcatalog; path = ColorAssets.xcassets; sourceTree = "<group>"; };
		C136340929A0CA980023DA68 /* UIColor+Extension.swift */ = {isa = PBXFileReference; lastKnownFileType = sourcecode.swift; path = "UIColor+Extension.swift"; sourceTree = "<group>"; };
		C5449B74294F171881EA4CD0 /* Pods-DIDA.release.xcconfig */ = {isa = PBXFileReference; includeInIndex = 1; lastKnownFileType = text.xcconfig; name = "Pods-DIDA.release.xcconfig"; path = "Target Support Files/Pods-DIDA/Pods-DIDA.release.xcconfig"; sourceTree = "<group>"; };
		E41E7EB4DEF3B954D7EC0141 /* Pods_DIDA.framework */ = {isa = PBXFileReference; explicitFileType = wrapper.framework; includeInIndex = 0; path = Pods_DIDA.framework; sourceTree = BUILT_PRODUCTS_DIR; };
		EE11053A299A900B00C5D370 /* DIDA.app */ = {isa = PBXFileReference; explicitFileType = wrapper.application; includeInIndex = 0; path = DIDA.app; sourceTree = BUILT_PRODUCTS_DIR; };
		EE11053D299A900B00C5D370 /* AppDelegate.swift */ = {isa = PBXFileReference; lastKnownFileType = sourcecode.swift; path = AppDelegate.swift; sourceTree = "<group>"; };
		EE11053F299A900B00C5D370 /* SceneDelegate.swift */ = {isa = PBXFileReference; lastKnownFileType = sourcecode.swift; path = SceneDelegate.swift; sourceTree = "<group>"; };
		EE110541299A900B00C5D370 /* ViewController.swift */ = {isa = PBXFileReference; lastKnownFileType = sourcecode.swift; path = ViewController.swift; sourceTree = "<group>"; };
		EE110544299A900B00C5D370 /* Base */ = {isa = PBXFileReference; lastKnownFileType = file.storyboard; name = Base; path = Base.lproj/Main.storyboard; sourceTree = "<group>"; };
		EE110546299A900C00C5D370 /* Assets.xcassets */ = {isa = PBXFileReference; lastKnownFileType = folder.assetcatalog; path = Assets.xcassets; sourceTree = "<group>"; };
		EE110549299A900C00C5D370 /* Base */ = {isa = PBXFileReference; lastKnownFileType = file.storyboard; name = Base; path = Base.lproj/LaunchScreen.storyboard; sourceTree = "<group>"; };
		EE11054B299A900C00C5D370 /* Info.plist */ = {isa = PBXFileReference; lastKnownFileType = text.plist.xml; path = Info.plist; sourceTree = "<group>"; };
/* End PBXFileReference section */

/* Begin PBXFrameworksBuildPhase section */
		EE110537299A900B00C5D370 /* Frameworks */ = {
			isa = PBXFrameworksBuildPhase;
			buildActionMask = 2147483647;
			files = (
				6219D77741E6067F82433184 /* Pods_DIDA.framework in Frameworks */,
			);
			runOnlyForDeploymentPostprocessing = 0;
		};
/* End PBXFrameworksBuildPhase section */

/* Begin PBXGroup section */
		56E8AEA0F88F42B26CE316FB /* Frameworks */ = {
			isa = PBXGroup;
			children = (
				E41E7EB4DEF3B954D7EC0141 /* Pods_DIDA.framework */,
			);
			name = Frameworks;
			sourceTree = "<group>";
		};
		C13633FA29A0C59F0023DA68 /* Presentation */ = {
			isa = PBXGroup;
			children = (
				C136340229A0C66D0023DA68 /* Main */,
			);
			path = Presentation;
			sourceTree = "<group>";
		};
		C13633FB29A0C5B70023DA68 /* Domain */ = {
			isa = PBXGroup;
			children = (
				C136340129A0C6640023DA68 /* Usecase */,
			);
			path = Domain;
			sourceTree = "<group>";
		};
		C13633FC29A0C5C10023DA68 /* Data */ = {
			isa = PBXGroup;
			children = (
				C13633FF29A0C63B0023DA68 /* Request */,
				C136340029A0C64D0023DA68 /* Response */,
			);
			path = Data;
			sourceTree = "<group>";
		};
		C13633FD29A0C5F80023DA68 /* Common */ = {
			isa = PBXGroup;
			children = (
				C13633FE29A0C6110023DA68 /* Components */,
				C136340329A0C6840023DA68 /* Fonts.swift */,
				C136340529A0C68C0023DA68 /* Colors.swift */,
			);
			path = Common;
			sourceTree = "<group>";
		};
		C13633FE29A0C6110023DA68 /* Components */ = {
			isa = PBXGroup;
			children = (
			);
			path = Components;
			sourceTree = "<group>";
		};
		C13633FF29A0C63B0023DA68 /* Request */ = {
			isa = PBXGroup;
			children = (
			);
			path = Request;
			sourceTree = "<group>";
		};
		C136340029A0C64D0023DA68 /* Response */ = {
			isa = PBXGroup;
			children = (
			);
			path = Response;
			sourceTree = "<group>";
		};
		C136340129A0C6640023DA68 /* Usecase */ = {
			isa = PBXGroup;
			children = (
			);
			path = Usecase;
			sourceTree = "<group>";
		};
		C136340229A0C66D0023DA68 /* Main */ = {
			isa = PBXGroup;
			children = (
			);
			path = Main;
			sourceTree = "<group>";
		};
		C136340B29A0CAA10023DA68 /* Infratruction */ = {
			isa = PBXGroup;
			children = (
				C136340929A0CA980023DA68 /* UIColor+Extension.swift */,
			);
			path = Infratruction;
			sourceTree = "<group>";
		};
		D289DCB4F2E520AC2328E8D6 /* Pods */ = {
			isa = PBXGroup;
			children = (
				00C2EA4848C8C979389CE103 /* Pods-DIDA.debug.xcconfig */,
				C5449B74294F171881EA4CD0 /* Pods-DIDA.release.xcconfig */,
			);
			path = Pods;
			sourceTree = "<group>";
		};
		EE110531299A900B00C5D370 = {
			isa = PBXGroup;
			children = (
				EE11053C299A900B00C5D370 /* DIDA */,
				EE11053B299A900B00C5D370 /* Products */,
				D289DCB4F2E520AC2328E8D6 /* Pods */,
				56E8AEA0F88F42B26CE316FB /* Frameworks */,
			);
			sourceTree = "<group>";
		};
		EE11053B299A900B00C5D370 /* Products */ = {
			isa = PBXGroup;
			children = (
				EE11053A299A900B00C5D370 /* DIDA.app */,
			);
			name = Products;
			sourceTree = "<group>";
		};
		EE11053C299A900B00C5D370 /* DIDA */ = {
			isa = PBXGroup;
			children = (
				C13633FA29A0C59F0023DA68 /* Presentation */,
				C13633FB29A0C5B70023DA68 /* Domain */,
				C13633FC29A0C5C10023DA68 /* Data */,
				C13633FD29A0C5F80023DA68 /* Common */,
				C136340B29A0CAA10023DA68 /* Infratruction */,
				EE11053D299A900B00C5D370 /* AppDelegate.swift */,
				EE11053F299A900B00C5D370 /* SceneDelegate.swift */,
				EE110541299A900B00C5D370 /* ViewController.swift */,
				EE110543299A900B00C5D370 /* Main.storyboard */,
				EE110546299A900C00C5D370 /* Assets.xcassets */,
				C136340729A0C6FA0023DA68 /* ColorAssets.xcassets */,
				EE110548299A900C00C5D370 /* LaunchScreen.storyboard */,
				EE11054B299A900C00C5D370 /* Info.plist */,
			);
			path = DIDA;
			sourceTree = "<group>";
		};
/* End PBXGroup section */

/* Begin PBXNativeTarget section */
		EE110539299A900B00C5D370 /* DIDA */ = {
			isa = PBXNativeTarget;
			buildConfigurationList = EE11054E299A900C00C5D370 /* Build configuration list for PBXNativeTarget "DIDA" */;
			buildPhases = (
				A29A221824ABF6F3AF3DC70B /* [CP] Check Pods Manifest.lock */,
				EE110536299A900B00C5D370 /* Sources */,
				EE110537299A900B00C5D370 /* Frameworks */,
				EE110538299A900B00C5D370 /* Resources */,
				C395EE1B414FFB656B3D2BB2 /* [CP] Embed Pods Frameworks */,
			);
			buildRules = (
			);
			dependencies = (
			);
			name = DIDA;
			productName = DIDA;
			productReference = EE11053A299A900B00C5D370 /* DIDA.app */;
			productType = "com.apple.product-type.application";
		};
/* End PBXNativeTarget section */

/* Begin PBXProject section */
		EE110532299A900B00C5D370 /* Project object */ = {
			isa = PBXProject;
			attributes = {
				BuildIndependentTargetsInParallel = 1;
				LastSwiftUpdateCheck = 1420;
				LastUpgradeCheck = 1420;
				TargetAttributes = {
					EE110539299A900B00C5D370 = {
						CreatedOnToolsVersion = 14.2;
					};
				};
			};
			buildConfigurationList = EE110535299A900B00C5D370 /* Build configuration list for PBXProject "DIDA" */;
			compatibilityVersion = "Xcode 14.0";
			developmentRegion = en;
			hasScannedForEncodings = 0;
			knownRegions = (
				en,
				Base,
			);
			mainGroup = EE110531299A900B00C5D370;
			productRefGroup = EE11053B299A900B00C5D370 /* Products */;
			projectDirPath = "";
			projectRoot = "";
			targets = (
				EE110539299A900B00C5D370 /* DIDA */,
			);
		};
/* End PBXProject section */

/* Begin PBXResourcesBuildPhase section */
		EE110538299A900B00C5D370 /* Resources */ = {
			isa = PBXResourcesBuildPhase;
			buildActionMask = 2147483647;
			files = (
				EE11054A299A900C00C5D370 /* LaunchScreen.storyboard in Resources */,
				EE110547299A900C00C5D370 /* Assets.xcassets in Resources */,
				C136340829A0C6FA0023DA68 /* ColorAssets.xcassets in Resources */,
				EE110545299A900B00C5D370 /* Main.storyboard in Resources */,
			);
			runOnlyForDeploymentPostprocessing = 0;
		};
/* End PBXResourcesBuildPhase section */

/* Begin PBXShellScriptBuildPhase section */
		A29A221824ABF6F3AF3DC70B /* [CP] Check Pods Manifest.lock */ = {
			isa = PBXShellScriptBuildPhase;
			buildActionMask = 2147483647;
			files = (
			);
			inputFileListPaths = (
			);
			inputPaths = (
				"${PODS_PODFILE_DIR_PATH}/Podfile.lock",
				"${PODS_ROOT}/Manifest.lock",
			);
			name = "[CP] Check Pods Manifest.lock";
			outputFileListPaths = (
			);
			outputPaths = (
				"$(DERIVED_FILE_DIR)/Pods-DIDA-checkManifestLockResult.txt",
			);
			runOnlyForDeploymentPostprocessing = 0;
			shellPath = /bin/sh;
			shellScript = "diff \"${PODS_PODFILE_DIR_PATH}/Podfile.lock\" \"${PODS_ROOT}/Manifest.lock\" > /dev/null\nif [ $? != 0 ] ; then\n    # print error to STDERR\n    echo \"error: The sandbox is not in sync with the Podfile.lock. Run 'pod install' or update your CocoaPods installation.\" >&2\n    exit 1\nfi\n# This output is used by Xcode 'outputs' to avoid re-running this script phase.\necho \"SUCCESS\" > \"${SCRIPT_OUTPUT_FILE_0}\"\n";
			showEnvVarsInLog = 0;
		};
		C395EE1B414FFB656B3D2BB2 /* [CP] Embed Pods Frameworks */ = {
			isa = PBXShellScriptBuildPhase;
			buildActionMask = 2147483647;
			files = (
			);
			inputFileListPaths = (
				"${PODS_ROOT}/Target Support Files/Pods-DIDA/Pods-DIDA-frameworks-${CONFIGURATION}-input-files.xcfilelist",
			);
			name = "[CP] Embed Pods Frameworks";
			outputFileListPaths = (
				"${PODS_ROOT}/Target Support Files/Pods-DIDA/Pods-DIDA-frameworks-${CONFIGURATION}-output-files.xcfilelist",
			);
			runOnlyForDeploymentPostprocessing = 0;
			shellPath = /bin/sh;
			shellScript = "\"${PODS_ROOT}/Target Support Files/Pods-DIDA/Pods-DIDA-frameworks.sh\"\n";
			showEnvVarsInLog = 0;
		};
/* End PBXShellScriptBuildPhase section */

/* Begin PBXSourcesBuildPhase section */
		EE110536299A900B00C5D370 /* Sources */ = {
			isa = PBXSourcesBuildPhase;
			buildActionMask = 2147483647;
			files = (
				C136340429A0C6840023DA68 /* Fonts.swift in Sources */,
				C136340629A0C68C0023DA68 /* Colors.swift in Sources */,
				EE110542299A900B00C5D370 /* ViewController.swift in Sources */,
				C136340A29A0CA980023DA68 /* UIColor+Extension.swift in Sources */,
				EE11053E299A900B00C5D370 /* AppDelegate.swift in Sources */,
				EE110540299A900B00C5D370 /* SceneDelegate.swift in Sources */,
			);
			runOnlyForDeploymentPostprocessing = 0;
		};
/* End PBXSourcesBuildPhase section */

/* Begin PBXVariantGroup section */
		EE110543299A900B00C5D370 /* Main.storyboard */ = {
			isa = PBXVariantGroup;
			children = (
				EE110544299A900B00C5D370 /* Base */,
			);
			name = Main.storyboard;
			sourceTree = "<group>";
		};
		EE110548299A900C00C5D370 /* LaunchScreen.storyboard */ = {
			isa = PBXVariantGroup;
			children = (
				EE110549299A900C00C5D370 /* Base */,
			);
			name = LaunchScreen.storyboard;
			sourceTree = "<group>";
		};
/* End PBXVariantGroup section */

/* Begin XCBuildConfiguration section */
		EE11054C299A900C00C5D370 /* Debug */ = {
			isa = XCBuildConfiguration;
			buildSettings = {
				ALWAYS_SEARCH_USER_PATHS = NO;
				CLANG_ANALYZER_NONNULL = YES;
				CLANG_ANALYZER_NUMBER_OBJECT_CONVERSION = YES_AGGRESSIVE;
				CLANG_CXX_LANGUAGE_STANDARD = "gnu++20";
				CLANG_ENABLE_MODULES = YES;
				CLANG_ENABLE_OBJC_ARC = YES;
				CLANG_ENABLE_OBJC_WEAK = YES;
				CLANG_WARN_BLOCK_CAPTURE_AUTORELEASING = YES;
				CLANG_WARN_BOOL_CONVERSION = YES;
				CLANG_WARN_COMMA = YES;
				CLANG_WARN_CONSTANT_CONVERSION = YES;
				CLANG_WARN_DEPRECATED_OBJC_IMPLEMENTATIONS = YES;
				CLANG_WARN_DIRECT_OBJC_ISA_USAGE = YES_ERROR;
				CLANG_WARN_DOCUMENTATION_COMMENTS = YES;
				CLANG_WARN_EMPTY_BODY = YES;
				CLANG_WARN_ENUM_CONVERSION = YES;
				CLANG_WARN_INFINITE_RECURSION = YES;
				CLANG_WARN_INT_CONVERSION = YES;
				CLANG_WARN_NON_LITERAL_NULL_CONVERSION = YES;
				CLANG_WARN_OBJC_IMPLICIT_RETAIN_SELF = YES;
				CLANG_WARN_OBJC_LITERAL_CONVERSION = YES;
				CLANG_WARN_OBJC_ROOT_CLASS = YES_ERROR;
				CLANG_WARN_QUOTED_INCLUDE_IN_FRAMEWORK_HEADER = YES;
				CLANG_WARN_RANGE_LOOP_ANALYSIS = YES;
				CLANG_WARN_STRICT_PROTOTYPES = YES;
				CLANG_WARN_SUSPICIOUS_MOVE = YES;
				CLANG_WARN_UNGUARDED_AVAILABILITY = YES_AGGRESSIVE;
				CLANG_WARN_UNREACHABLE_CODE = YES;
				CLANG_WARN__DUPLICATE_METHOD_MATCH = YES;
				COPY_PHASE_STRIP = NO;
				DEBUG_INFORMATION_FORMAT = dwarf;
				ENABLE_STRICT_OBJC_MSGSEND = YES;
				ENABLE_TESTABILITY = YES;
				GCC_C_LANGUAGE_STANDARD = gnu11;
				GCC_DYNAMIC_NO_PIC = NO;
				GCC_NO_COMMON_BLOCKS = YES;
				GCC_OPTIMIZATION_LEVEL = 0;
				GCC_PREPROCESSOR_DEFINITIONS = (
					"DEBUG=1",
					"$(inherited)",
				);
				GCC_WARN_64_TO_32_BIT_CONVERSION = YES;
				GCC_WARN_ABOUT_RETURN_TYPE = YES_ERROR;
				GCC_WARN_UNDECLARED_SELECTOR = YES;
				GCC_WARN_UNINITIALIZED_AUTOS = YES_AGGRESSIVE;
				GCC_WARN_UNUSED_FUNCTION = YES;
				GCC_WARN_UNUSED_VARIABLE = YES;
				IPHONEOS_DEPLOYMENT_TARGET = 14.0;
				MTL_ENABLE_DEBUG_INFO = INCLUDE_SOURCE;
				MTL_FAST_MATH = YES;
				ONLY_ACTIVE_ARCH = YES;
				SDKROOT = iphoneos;
				SWIFT_ACTIVE_COMPILATION_CONDITIONS = DEBUG;
				SWIFT_OPTIMIZATION_LEVEL = "-Onone";
			};
			name = Debug;
		};
		EE11054D299A900C00C5D370 /* Release */ = {
			isa = XCBuildConfiguration;
			buildSettings = {
				ALWAYS_SEARCH_USER_PATHS = NO;
				CLANG_ANALYZER_NONNULL = YES;
				CLANG_ANALYZER_NUMBER_OBJECT_CONVERSION = YES_AGGRESSIVE;
				CLANG_CXX_LANGUAGE_STANDARD = "gnu++20";
				CLANG_ENABLE_MODULES = YES;
				CLANG_ENABLE_OBJC_ARC = YES;
				CLANG_ENABLE_OBJC_WEAK = YES;
				CLANG_WARN_BLOCK_CAPTURE_AUTORELEASING = YES;
				CLANG_WARN_BOOL_CONVERSION = YES;
				CLANG_WARN_COMMA = YES;
				CLANG_WARN_CONSTANT_CONVERSION = YES;
				CLANG_WARN_DEPRECATED_OBJC_IMPLEMENTATIONS = YES;
				CLANG_WARN_DIRECT_OBJC_ISA_USAGE = YES_ERROR;
				CLANG_WARN_DOCUMENTATION_COMMENTS = YES;
				CLANG_WARN_EMPTY_BODY = YES;
				CLANG_WARN_ENUM_CONVERSION = YES;
				CLANG_WARN_INFINITE_RECURSION = YES;
				CLANG_WARN_INT_CONVERSION = YES;
				CLANG_WARN_NON_LITERAL_NULL_CONVERSION = YES;
				CLANG_WARN_OBJC_IMPLICIT_RETAIN_SELF = YES;
				CLANG_WARN_OBJC_LITERAL_CONVERSION = YES;
				CLANG_WARN_OBJC_ROOT_CLASS = YES_ERROR;
				CLANG_WARN_QUOTED_INCLUDE_IN_FRAMEWORK_HEADER = YES;
				CLANG_WARN_RANGE_LOOP_ANALYSIS = YES;
				CLANG_WARN_STRICT_PROTOTYPES = YES;
				CLANG_WARN_SUSPICIOUS_MOVE = YES;
				CLANG_WARN_UNGUARDED_AVAILABILITY = YES_AGGRESSIVE;
				CLANG_WARN_UNREACHABLE_CODE = YES;
				CLANG_WARN__DUPLICATE_METHOD_MATCH = YES;
				COPY_PHASE_STRIP = NO;
				DEBUG_INFORMATION_FORMAT = "dwarf-with-dsym";
				ENABLE_NS_ASSERTIONS = NO;
				ENABLE_STRICT_OBJC_MSGSEND = YES;
				GCC_C_LANGUAGE_STANDARD = gnu11;
				GCC_NO_COMMON_BLOCKS = YES;
				GCC_WARN_64_TO_32_BIT_CONVERSION = YES;
				GCC_WARN_ABOUT_RETURN_TYPE = YES_ERROR;
				GCC_WARN_UNDECLARED_SELECTOR = YES;
				GCC_WARN_UNINITIALIZED_AUTOS = YES_AGGRESSIVE;
				GCC_WARN_UNUSED_FUNCTION = YES;
				GCC_WARN_UNUSED_VARIABLE = YES;
				IPHONEOS_DEPLOYMENT_TARGET = 14.0;
				MTL_ENABLE_DEBUG_INFO = NO;
				MTL_FAST_MATH = YES;
				SDKROOT = iphoneos;
				SWIFT_COMPILATION_MODE = wholemodule;
				SWIFT_OPTIMIZATION_LEVEL = "-O";
				VALIDATE_PRODUCT = YES;
			};
			name = Release;
		};
		EE11054F299A900C00C5D370 /* Debug */ = {
			isa = XCBuildConfiguration;
			baseConfigurationReference = 00C2EA4848C8C979389CE103 /* Pods-DIDA.debug.xcconfig */;
			buildSettings = {
				ASSETCATALOG_COMPILER_APPICON_NAME = AppIcon;
				ASSETCATALOG_COMPILER_GLOBAL_ACCENT_COLOR_NAME = AccentColor;
				CODE_SIGN_STYLE = Automatic;
				CURRENT_PROJECT_VERSION = 1;
				DEVELOPMENT_TEAM = 9Y2YJ5DNS7;
				GENERATE_INFOPLIST_FILE = YES;
				INFOPLIST_FILE = DIDA/Info.plist;
				INFOPLIST_KEY_UIApplicationSupportsIndirectInputEvents = YES;
				INFOPLIST_KEY_UILaunchStoryboardName = LaunchScreen;
				INFOPLIST_KEY_UIMainStoryboardFile = Main;
				INFOPLIST_KEY_UISupportedInterfaceOrientations = UIInterfaceOrientationPortrait;
				INFOPLIST_KEY_UISupportedInterfaceOrientations_iPad = "UIInterfaceOrientationLandscapeLeft UIInterfaceOrientationLandscapeRight UIInterfaceOrientationPortrait UIInterfaceOrientationPortraitUpsideDown";
				IPHONEOS_DEPLOYMENT_TARGET = 14.0;
				LD_RUNPATH_SEARCH_PATHS = (
					"$(inherited)",
					"@executable_path/Frameworks",
				);
				MARKETING_VERSION = 1.0;
				PRODUCT_BUNDLE_IDENTIFIER = com.dida.DIDA;
				PRODUCT_NAME = "$(TARGET_NAME)";
				SUPPORTED_PLATFORMS = "iphoneos iphonesimulator";
				SUPPORTS_MACCATALYST = NO;
				SUPPORTS_MAC_DESIGNED_FOR_IPHONE_IPAD = NO;
				SWIFT_EMIT_LOC_STRINGS = YES;
				SWIFT_VERSION = 5.0;
				TARGETED_DEVICE_FAMILY = 1;
			};
			name = Debug;
		};
		EE110550299A900C00C5D370 /* Release */ = {
			isa = XCBuildConfiguration;
			baseConfigurationReference = C5449B74294F171881EA4CD0 /* Pods-DIDA.release.xcconfig */;
			buildSettings = {
				ASSETCATALOG_COMPILER_APPICON_NAME = AppIcon;
				ASSETCATALOG_COMPILER_GLOBAL_ACCENT_COLOR_NAME = AccentColor;
				CODE_SIGN_IDENTITY = "Apple Development";
				CODE_SIGN_STYLE = Automatic;
				CURRENT_PROJECT_VERSION = 1;
				DEVELOPMENT_TEAM = 9Y2YJ5DNS7;
				GENERATE_INFOPLIST_FILE = YES;
				INFOPLIST_FILE = DIDA/Info.plist;
				INFOPLIST_KEY_UIApplicationSupportsIndirectInputEvents = YES;
				INFOPLIST_KEY_UILaunchStoryboardName = LaunchScreen;
				INFOPLIST_KEY_UIMainStoryboardFile = Main;
				INFOPLIST_KEY_UISupportedInterfaceOrientations = UIInterfaceOrientationPortrait;
				INFOPLIST_KEY_UISupportedInterfaceOrientations_iPad = "UIInterfaceOrientationLandscapeLeft UIInterfaceOrientationLandscapeRight UIInterfaceOrientationPortrait UIInterfaceOrientationPortraitUpsideDown";
				IPHONEOS_DEPLOYMENT_TARGET = 14.0;
				LD_RUNPATH_SEARCH_PATHS = (
					"$(inherited)",
					"@executable_path/Frameworks",
				);
				MARKETING_VERSION = 1.0;
				PRODUCT_BUNDLE_IDENTIFIER = com.dida.DIDA;
				PRODUCT_NAME = "$(TARGET_NAME)";
				PROVISIONING_PROFILE_SPECIFIER = "";
				SUPPORTED_PLATFORMS = "iphoneos iphonesimulator";
				SUPPORTS_MACCATALYST = NO;
				SUPPORTS_MAC_DESIGNED_FOR_IPHONE_IPAD = NO;
				SWIFT_EMIT_LOC_STRINGS = YES;
				SWIFT_VERSION = 5.0;
				TARGETED_DEVICE_FAMILY = 1;
			};
			name = Release;
		};
/* End XCBuildConfiguration section */

/* Begin XCConfigurationList section */
		EE110535299A900B00C5D370 /* Build configuration list for PBXProject "DIDA" */ = {
			isa = XCConfigurationList;
			buildConfigurations = (
				EE11054C299A900C00C5D370 /* Debug */,
				EE11054D299A900C00C5D370 /* Release */,
			);
			defaultConfigurationIsVisible = 0;
			defaultConfigurationName = Release;
		};
		EE11054E299A900C00C5D370 /* Build configuration list for PBXNativeTarget "DIDA" */ = {
			isa = XCConfigurationList;
			buildConfigurations = (
				EE11054F299A900C00C5D370 /* Debug */,
				EE110550299A900C00C5D370 /* Release */,
			);
			defaultConfigurationIsVisible = 0;
			defaultConfigurationName = Release;
		};
/* End XCConfigurationList section */
	};
	rootObject = EE110532299A900B00C5D370 /* Project object */;
}
